// !$*UTF8*$!
{
	archiveVersion = 1;
	classes = {
	};
	objectVersion = 56;
	objects = {

/* Begin PBXBuildFile section */
		DD6529B729B34AF70089AD5C /* LoginSignUp.storyboard in Resources */ = {isa = PBXBuildFile; fileRef = DD6529B629B34AF70089AD5C /* LoginSignUp.storyboard */; };
		DD6529BE29B34F2E0089AD5C /* Constant.swift in Sources */ = {isa = PBXBuildFile; fileRef = DD6529BD29B34F2E0089AD5C /* Constant.swift */; };
		DD6529C129B34F7C0089AD5C /* JWTToken.swift in Sources */ = {isa = PBXBuildFile; fileRef = DD6529C029B34F7C0089AD5C /* JWTToken.swift */; };
		DD6529C829B350980089AD5C /* IndicatorView.swift in Sources */ = {isa = PBXBuildFile; fileRef = DD6529C729B350980089AD5C /* IndicatorView.swift */; };
		DD6529CA29B350E90089AD5C /* UIColor.swift in Sources */ = {isa = PBXBuildFile; fileRef = DD6529C929B350E90089AD5C /* UIColor.swift */; };
		DD6529CC29B351530089AD5C /* Device.swift in Sources */ = {isa = PBXBuildFile; fileRef = DD6529CB29B351530089AD5C /* Device.swift */; };
		DD6529D729B3563C0089AD5C /* MainTabBar.storyboard in Resources */ = {isa = PBXBuildFile; fileRef = DD6529D629B3563C0089AD5C /* MainTabBar.storyboard */; };
		DD6529DB29B356A90089AD5C /* HomeStoryboard.storyboard in Resources */ = {isa = PBXBuildFile; fileRef = DD6529DA29B356A90089AD5C /* HomeStoryboard.storyboard */; };
		DD6529DD29B358A00089AD5C /* SearchStoryboard.storyboard in Resources */ = {isa = PBXBuildFile; fileRef = DD6529DC29B358A00089AD5C /* SearchStoryboard.storyboard */; };
		DD6529DF29B358AB0089AD5C /* PostStoryboard.storyboard in Resources */ = {isa = PBXBuildFile; fileRef = DD6529DE29B358AB0089AD5C /* PostStoryboard.storyboard */; };
		DD6529E129B358B90089AD5C /* ReelsStoryboard.storyboard in Resources */ = {isa = PBXBuildFile; fileRef = DD6529E029B358B90089AD5C /* ReelsStoryboard.storyboard */; };
		DD6529E329B358C50089AD5C /* ProfileStoryboard.storyboard in Resources */ = {isa = PBXBuildFile; fileRef = DD6529E229B358C50089AD5C /* ProfileStoryboard.storyboard */; };
		DD6529E629B3680D0089AD5C /* LoginViewController.swift in Sources */ = {isa = PBXBuildFile; fileRef = DD6529E529B3680D0089AD5C /* LoginViewController.swift */; };
		DD6529E829B36E520089AD5C /* UITextField.swift in Sources */ = {isa = PBXBuildFile; fileRef = DD6529E729B36E520089AD5C /* UITextField.swift */; };
		DD6529EA29B372480089AD5C /* UIButton.swift in Sources */ = {isa = PBXBuildFile; fileRef = DD6529E929B372480089AD5C /* UIButton.swift */; };
		DD6529EC29B380D30089AD5C /* CustomTextField.swift in Sources */ = {isa = PBXBuildFile; fileRef = DD6529EB29B380D30089AD5C /* CustomTextField.swift */; };
		DD76CB4029B2E199002C4857 /* AppDelegate.swift in Sources */ = {isa = PBXBuildFile; fileRef = DD76CB3F29B2E199002C4857 /* AppDelegate.swift */; };
		DD76CB4229B2E199002C4857 /* SceneDelegate.swift in Sources */ = {isa = PBXBuildFile; fileRef = DD76CB4129B2E199002C4857 /* SceneDelegate.swift */; };
		DD76CB4929B2E19A002C4857 /* Assets.xcassets in Resources */ = {isa = PBXBuildFile; fileRef = DD76CB4829B2E19A002C4857 /* Assets.xcassets */; };
		DD76CB4C29B2E19A002C4857 /* LaunchScreen.storyboard in Resources */ = {isa = PBXBuildFile; fileRef = DD76CB4A29B2E19A002C4857 /* LaunchScreen.storyboard */; };
/* End PBXBuildFile section */

/* Begin PBXFileReference section */
		DD6529B629B34AF70089AD5C /* LoginSignUp.storyboard */ = {isa = PBXFileReference; lastKnownFileType = file.storyboard; path = LoginSignUp.storyboard; sourceTree = "<group>"; };
		DD6529BD29B34F2E0089AD5C /* Constant.swift */ = {isa = PBXFileReference; lastKnownFileType = sourcecode.swift; path = Constant.swift; sourceTree = "<group>"; };
		DD6529C029B34F7C0089AD5C /* JWTToken.swift */ = {isa = PBXFileReference; lastKnownFileType = sourcecode.swift; path = JWTToken.swift; sourceTree = "<group>"; };
		DD6529C729B350980089AD5C /* IndicatorView.swift */ = {isa = PBXFileReference; lastKnownFileType = sourcecode.swift; path = IndicatorView.swift; sourceTree = "<group>"; };
		DD6529C929B350E90089AD5C /* UIColor.swift */ = {isa = PBXFileReference; lastKnownFileType = sourcecode.swift; path = UIColor.swift; sourceTree = "<group>"; };
		DD6529CB29B351530089AD5C /* Device.swift */ = {isa = PBXFileReference; lastKnownFileType = sourcecode.swift; path = Device.swift; sourceTree = "<group>"; };
		DD6529D629B3563C0089AD5C /* MainTabBar.storyboard */ = {isa = PBXFileReference; lastKnownFileType = file.storyboard; path = MainTabBar.storyboard; sourceTree = "<group>"; };
		DD6529DA29B356A90089AD5C /* HomeStoryboard.storyboard */ = {isa = PBXFileReference; lastKnownFileType = file.storyboard; path = HomeStoryboard.storyboard; sourceTree = "<group>"; };
		DD6529DC29B358A00089AD5C /* SearchStoryboard.storyboard */ = {isa = PBXFileReference; lastKnownFileType = file.storyboard; path = SearchStoryboard.storyboard; sourceTree = "<group>"; };
		DD6529DE29B358AB0089AD5C /* PostStoryboard.storyboard */ = {isa = PBXFileReference; lastKnownFileType = file.storyboard; path = PostStoryboard.storyboard; sourceTree = "<group>"; };
		DD6529E029B358B90089AD5C /* ReelsStoryboard.storyboard */ = {isa = PBXFileReference; lastKnownFileType = file.storyboard; path = ReelsStoryboard.storyboard; sourceTree = "<group>"; };
		DD6529E229B358C50089AD5C /* ProfileStoryboard.storyboard */ = {isa = PBXFileReference; lastKnownFileType = file.storyboard; path = ProfileStoryboard.storyboard; sourceTree = "<group>"; };
		DD6529E529B3680D0089AD5C /* LoginViewController.swift */ = {isa = PBXFileReference; lastKnownFileType = sourcecode.swift; path = LoginViewController.swift; sourceTree = "<group>"; };
		DD6529E729B36E520089AD5C /* UITextField.swift */ = {isa = PBXFileReference; lastKnownFileType = sourcecode.swift; path = UITextField.swift; sourceTree = "<group>"; };
		DD6529E929B372480089AD5C /* UIButton.swift */ = {isa = PBXFileReference; lastKnownFileType = sourcecode.swift; path = UIButton.swift; sourceTree = "<group>"; };
		DD6529EB29B380D30089AD5C /* CustomTextField.swift */ = {isa = PBXFileReference; lastKnownFileType = sourcecode.swift; path = CustomTextField.swift; sourceTree = "<group>"; };
		DD76CB3C29B2E199002C4857 /* RisingTest-Instagram-kkukku.app */ = {isa = PBXFileReference; explicitFileType = wrapper.application; includeInIndex = 0; path = "RisingTest-Instagram-kkukku.app"; sourceTree = BUILT_PRODUCTS_DIR; };
		DD76CB3F29B2E199002C4857 /* AppDelegate.swift */ = {isa = PBXFileReference; lastKnownFileType = sourcecode.swift; path = AppDelegate.swift; sourceTree = "<group>"; };
		DD76CB4129B2E199002C4857 /* SceneDelegate.swift */ = {isa = PBXFileReference; lastKnownFileType = sourcecode.swift; path = SceneDelegate.swift; sourceTree = "<group>"; };
		DD76CB4829B2E19A002C4857 /* Assets.xcassets */ = {isa = PBXFileReference; lastKnownFileType = folder.assetcatalog; path = Assets.xcassets; sourceTree = "<group>"; };
		DD76CB4B29B2E19A002C4857 /* Base */ = {isa = PBXFileReference; lastKnownFileType = file.storyboard; name = Base; path = Base.lproj/LaunchScreen.storyboard; sourceTree = "<group>"; };
		DD76CB4D29B2E19A002C4857 /* Info.plist */ = {isa = PBXFileReference; lastKnownFileType = text.plist.xml; path = Info.plist; sourceTree = "<group>"; };
/* End PBXFileReference section */

/* Begin PBXFrameworksBuildPhase section */
		DD76CB3929B2E199002C4857 /* Frameworks */ = {
			isa = PBXFrameworksBuildPhase;
			buildActionMask = 2147483647;
			files = (
			);
			runOnlyForDeploymentPostprocessing = 0;
		};
/* End PBXFrameworksBuildPhase section */

/* Begin PBXGroup section */
		DD6529B829B34EF70089AD5C /* Configuration */ = {
			isa = PBXGroup;
			children = (
				DD6529BD29B34F2E0089AD5C /* Constant.swift */,
				DD6529BF29B34F660089AD5C /* Secret */,
				DD6529C229B34FB20089AD5C /* Font */,
			);
			path = Configuration;
			sourceTree = "<group>";
		};
		DD6529BF29B34F660089AD5C /* Secret */ = {
			isa = PBXGroup;
			children = (
				DD6529C029B34F7C0089AD5C /* JWTToken.swift */,
			);
			path = Secret;
			sourceTree = "<group>";
		};
		DD6529C229B34FB20089AD5C /* Font */ = {
			isa = PBXGroup;
			children = (
			);
			path = Font;
			sourceTree = "<group>";
		};
		DD6529C529B3506A0089AD5C /* Utilities */ = {
			isa = PBXGroup;
			children = (
				DD6529C629B3507F0089AD5C /* Extension */,
				DD6529C729B350980089AD5C /* IndicatorView.swift */,
				DD6529CB29B351530089AD5C /* Device.swift */,
			);
			path = Utilities;
			sourceTree = "<group>";
		};
		DD6529C629B3507F0089AD5C /* Extension */ = {
			isa = PBXGroup;
			children = (
				DD6529C929B350E90089AD5C /* UIColor.swift */,
				DD6529E729B36E520089AD5C /* UITextField.swift */,
				DD6529E929B372480089AD5C /* UIButton.swift */,
				DD6529EB29B380D30089AD5C /* CustomTextField.swift */,
			);
			path = Extension;
			sourceTree = "<group>";
		};
		DD6529CD29B3541E0089AD5C /* LoginSignUp */ = {
			isa = PBXGroup;
			children = (
				DD6529B629B34AF70089AD5C /* LoginSignUp.storyboard */,
				DD6529E529B3680D0089AD5C /* LoginViewController.swift */,
			);
			path = LoginSignUp;
			sourceTree = "<group>";
		};
		DD6529CE29B3546B0089AD5C /* Home */ = {
			isa = PBXGroup;
			children = (
				DD6529DA29B356A90089AD5C /* HomeStoryboard.storyboard */,
			);
			path = Home;
			sourceTree = "<group>";
		};
		DD6529D029B354790089AD5C /* Search */ = {
			isa = PBXGroup;
			children = (
				DD6529DC29B358A00089AD5C /* SearchStoryboard.storyboard */,
			);
			path = Search;
			sourceTree = "<group>";
		};
		DD6529D129B354FA0089AD5C /* Post */ = {
			isa = PBXGroup;
			children = (
				DD6529DE29B358AB0089AD5C /* PostStoryboard.storyboard */,
			);
			path = Post;
			sourceTree = "<group>";
		};
		DD6529D229B355100089AD5C /* Reels */ = {
			isa = PBXGroup;
			children = (
				DD6529E029B358B90089AD5C /* ReelsStoryboard.storyboard */,
			);
			path = Reels;
			sourceTree = "<group>";
		};
		DD6529D329B355180089AD5C /* Profile */ = {
			isa = PBXGroup;
			children = (
				DD6529E229B358C50089AD5C /* ProfileStoryboard.storyboard */,
			);
			path = Profile;
			sourceTree = "<group>";
		};
		DD6529D429B355300089AD5C /* AppSceneDelegate */ = {
			isa = PBXGroup;
			children = (
				DD76CB3F29B2E199002C4857 /* AppDelegate.swift */,
				DD76CB4129B2E199002C4857 /* SceneDelegate.swift */,
			);
			path = AppSceneDelegate;
			sourceTree = "<group>";
		};
		DD6529D529B355C30089AD5C /* MainTabController&Splash */ = {
			isa = PBXGroup;
			children = (
				DD76CB4A29B2E19A002C4857 /* LaunchScreen.storyboard */,
				DD6529D629B3563C0089AD5C /* MainTabBar.storyboard */,
			);
			path = "MainTabController&Splash";
			sourceTree = "<group>";
		};
		DD6529E429B3607F0089AD5C /* Source */ = {
			isa = PBXGroup;
			children = (
				DD6529CD29B3541E0089AD5C /* LoginSignUp */,
				DD6529D529B355C30089AD5C /* MainTabController&Splash */,
				DD6529CE29B3546B0089AD5C /* Home */,
				DD6529D029B354790089AD5C /* Search */,
				DD6529D129B354FA0089AD5C /* Post */,
				DD6529D229B355100089AD5C /* Reels */,
				DD6529D329B355180089AD5C /* Profile */,
			);
			path = Source;
			sourceTree = "<group>";
		};
		DD76CB3329B2E199002C4857 = {
			isa = PBXGroup;
			children = (
				DD76CB3E29B2E199002C4857 /* RisingTest-Instagram-kkukku */,
				DD76CB3D29B2E199002C4857 /* Products */,
			);
			sourceTree = "<group>";
		};
		DD76CB3D29B2E199002C4857 /* Products */ = {
			isa = PBXGroup;
			children = (
				DD76CB3C29B2E199002C4857 /* RisingTest-Instagram-kkukku.app */,
			);
			name = Products;
			sourceTree = "<group>";
		};
		DD76CB3E29B2E199002C4857 /* RisingTest-Instagram-kkukku */ = {
			isa = PBXGroup;
			children = (
				DD6529B829B34EF70089AD5C /* Configuration */,
				DD6529C529B3506A0089AD5C /* Utilities */,
				DD6529E429B3607F0089AD5C /* Source */,
				DD6529D429B355300089AD5C /* AppSceneDelegate */,
				DD76CB4829B2E19A002C4857 /* Assets.xcassets */,
				DD76CB4D29B2E19A002C4857 /* Info.plist */,
			);
			path = "RisingTest-Instagram-kkukku";
			sourceTree = "<group>";
		};
/* End PBXGroup section */

/* Begin PBXNativeTarget section */
		DD76CB3B29B2E199002C4857 /* RisingTest-Instagram-kkukku */ = {
			isa = PBXNativeTarget;
			buildConfigurationList = DD76CB5029B2E19A002C4857 /* Build configuration list for PBXNativeTarget "RisingTest-Instagram-kkukku" */;
			buildPhases = (
				DD76CB3829B2E199002C4857 /* Sources */,
				DD76CB3929B2E199002C4857 /* Frameworks */,
				DD76CB3A29B2E199002C4857 /* Resources */,
			);
			buildRules = (
			);
			dependencies = (
			);
			name = "RisingTest-Instagram-kkukku";
			productName = "RisingTest-Instagram-kkukku";
			productReference = DD76CB3C29B2E199002C4857 /* RisingTest-Instagram-kkukku.app */;
			productType = "com.apple.product-type.application";
		};
/* End PBXNativeTarget section */

/* Begin PBXProject section */
		DD76CB3429B2E199002C4857 /* Project object */ = {
			isa = PBXProject;
			attributes = {
				BuildIndependentTargetsInParallel = 1;
				LastSwiftUpdateCheck = 1420;
				LastUpgradeCheck = 1420;
				TargetAttributes = {
					DD76CB3B29B2E199002C4857 = {
						CreatedOnToolsVersion = 14.2;
					};
				};
			};
			buildConfigurationList = DD76CB3729B2E199002C4857 /* Build configuration list for PBXProject "RisingTest-Instagram-kkukku" */;
			compatibilityVersion = "Xcode 14.0";
			developmentRegion = en;
			hasScannedForEncodings = 0;
			knownRegions = (
				en,
				Base,
			);
			mainGroup = DD76CB3329B2E199002C4857;
			productRefGroup = DD76CB3D29B2E199002C4857 /* Products */;
			projectDirPath = "";
			projectRoot = "";
			targets = (
				DD76CB3B29B2E199002C4857 /* RisingTest-Instagram-kkukku */,
			);
		};
/* End PBXProject section */

/* Begin PBXResourcesBuildPhase section */
		DD76CB3A29B2E199002C4857 /* Resources */ = {
			isa = PBXResourcesBuildPhase;
			buildActionMask = 2147483647;
			files = (
				DD6529B729B34AF70089AD5C /* LoginSignUp.storyboard in Resources */,
				DD6529D729B3563C0089AD5C /* MainTabBar.storyboard in Resources */,
				DD6529DF29B358AB0089AD5C /* PostStoryboard.storyboard in Resources */,
				DD76CB4C29B2E19A002C4857 /* LaunchScreen.storyboard in Resources */,
				DD76CB4929B2E19A002C4857 /* Assets.xcassets in Resources */,
				DD6529E129B358B90089AD5C /* ReelsStoryboard.storyboard in Resources */,
				DD6529E329B358C50089AD5C /* ProfileStoryboard.storyboard in Resources */,
				DD6529DB29B356A90089AD5C /* HomeStoryboard.storyboard in Resources */,
				DD6529DD29B358A00089AD5C /* SearchStoryboard.storyboard in Resources */,
			);
			runOnlyForDeploymentPostprocessing = 0;
		};
/* End PBXResourcesBuildPhase section */

/* Begin PBXSourcesBuildPhase section */
		DD76CB3829B2E199002C4857 /* Sources */ = {
			isa = PBXSourcesBuildPhase;
			buildActionMask = 2147483647;
			files = (
				DD6529CA29B350E90089AD5C /* UIColor.swift in Sources */,
				DD6529EC29B380D30089AD5C /* CustomTextField.swift in Sources */,
				DD76CB4029B2E199002C4857 /* AppDelegate.swift in Sources */,
				DD6529C129B34F7C0089AD5C /* JWTToken.swift in Sources */,
				DD76CB4229B2E199002C4857 /* SceneDelegate.swift in Sources */,
				DD6529E629B3680D0089AD5C /* LoginViewController.swift in Sources */,
				DD6529EA29B372480089AD5C /* UIButton.swift in Sources */,
				DD6529C829B350980089AD5C /* IndicatorView.swift in Sources */,
				DD6529E829B36E520089AD5C /* UITextField.swift in Sources */,
				DD6529BE29B34F2E0089AD5C /* Constant.swift in Sources */,
				DD6529CC29B351530089AD5C /* Device.swift in Sources */,
			);
			runOnlyForDeploymentPostprocessing = 0;
		};
/* End PBXSourcesBuildPhase section */

/* Begin PBXVariantGroup section */
		DD76CB4A29B2E19A002C4857 /* LaunchScreen.storyboard */ = {
			isa = PBXVariantGroup;
			children = (
				DD76CB4B29B2E19A002C4857 /* Base */,
			);
			name = LaunchScreen.storyboard;
			sourceTree = "<group>";
		};
/* End PBXVariantGroup section */

/* Begin XCBuildConfiguration section */
		DD76CB4E29B2E19A002C4857 /* Debug */ = {
			isa = XCBuildConfiguration;
			buildSettings = {
				ALWAYS_SEARCH_USER_PATHS = NO;
				CLANG_ANALYZER_NONNULL = YES;
				CLANG_ANALYZER_NUMBER_OBJECT_CONVERSION = YES_AGGRESSIVE;
				CLANG_CXX_LANGUAGE_STANDARD = "gnu++20";
				CLANG_ENABLE_MODULES = YES;
				CLANG_ENABLE_OBJC_ARC = YES;
				CLANG_ENABLE_OBJC_WEAK = YES;
				CLANG_WARN_BLOCK_CAPTURE_AUTORELEASING = YES;
				CLANG_WARN_BOOL_CONVERSION = YES;
				CLANG_WARN_COMMA = YES;
				CLANG_WARN_CONSTANT_CONVERSION = YES;
				CLANG_WARN_DEPRECATED_OBJC_IMPLEMENTATIONS = YES;
				CLANG_WARN_DIRECT_OBJC_ISA_USAGE = YES_ERROR;
				CLANG_WARN_DOCUMENTATION_COMMENTS = YES;
				CLANG_WARN_EMPTY_BODY = YES;
				CLANG_WARN_ENUM_CONVERSION = YES;
				CLANG_WARN_INFINITE_RECURSION = YES;
				CLANG_WARN_INT_CONVERSION = YES;
				CLANG_WARN_NON_LITERAL_NULL_CONVERSION = YES;
				CLANG_WARN_OBJC_IMPLICIT_RETAIN_SELF = YES;
				CLANG_WARN_OBJC_LITERAL_CONVERSION = YES;
				CLANG_WARN_OBJC_ROOT_CLASS = YES_ERROR;
				CLANG_WARN_QUOTED_INCLUDE_IN_FRAMEWORK_HEADER = YES;
				CLANG_WARN_RANGE_LOOP_ANALYSIS = YES;
				CLANG_WARN_STRICT_PROTOTYPES = YES;
				CLANG_WARN_SUSPICIOUS_MOVE = YES;
				CLANG_WARN_UNGUARDED_AVAILABILITY = YES_AGGRESSIVE;
				CLANG_WARN_UNREACHABLE_CODE = YES;
				CLANG_WARN__DUPLICATE_METHOD_MATCH = YES;
				COPY_PHASE_STRIP = NO;
				DEBUG_INFORMATION_FORMAT = dwarf;
				ENABLE_STRICT_OBJC_MSGSEND = YES;
				ENABLE_TESTABILITY = YES;
				GCC_C_LANGUAGE_STANDARD = gnu11;
				GCC_DYNAMIC_NO_PIC = NO;
				GCC_NO_COMMON_BLOCKS = YES;
				GCC_OPTIMIZATION_LEVEL = 0;
				GCC_PREPROCESSOR_DEFINITIONS = (
					"DEBUG=1",
					"$(inherited)",
				);
				GCC_WARN_64_TO_32_BIT_CONVERSION = YES;
				GCC_WARN_ABOUT_RETURN_TYPE = YES_ERROR;
				GCC_WARN_UNDECLARED_SELECTOR = YES;
				GCC_WARN_UNINITIALIZED_AUTOS = YES_AGGRESSIVE;
				GCC_WARN_UNUSED_FUNCTION = YES;
				GCC_WARN_UNUSED_VARIABLE = YES;
				IPHONEOS_DEPLOYMENT_TARGET = 14.0;
				MTL_ENABLE_DEBUG_INFO = INCLUDE_SOURCE;
				MTL_FAST_MATH = YES;
				ONLY_ACTIVE_ARCH = YES;
				SDKROOT = iphoneos;
				SWIFT_ACTIVE_COMPILATION_CONDITIONS = DEBUG;
				SWIFT_OPTIMIZATION_LEVEL = "-Onone";
			};
			name = Debug;
		};
		DD76CB4F29B2E19A002C4857 /* Release */ = {
			isa = XCBuildConfiguration;
			buildSettings = {
				ALWAYS_SEARCH_USER_PATHS = NO;
				CLANG_ANALYZER_NONNULL = YES;
				CLANG_ANALYZER_NUMBER_OBJECT_CONVERSION = YES_AGGRESSIVE;
				CLANG_CXX_LANGUAGE_STANDARD = "gnu++20";
				CLANG_ENABLE_MODULES = YES;
				CLANG_ENABLE_OBJC_ARC = YES;
				CLANG_ENABLE_OBJC_WEAK = YES;
				CLANG_WARN_BLOCK_CAPTURE_AUTORELEASING = YES;
				CLANG_WARN_BOOL_CONVERSION = YES;
				CLANG_WARN_COMMA = YES;
				CLANG_WARN_CONSTANT_CONVERSION = YES;
				CLANG_WARN_DEPRECATED_OBJC_IMPLEMENTATIONS = YES;
				CLANG_WARN_DIRECT_OBJC_ISA_USAGE = YES_ERROR;
				CLANG_WARN_DOCUMENTATION_COMMENTS = YES;
				CLANG_WARN_EMPTY_BODY = YES;
				CLANG_WARN_ENUM_CONVERSION = YES;
				CLANG_WARN_INFINITE_RECURSION = YES;
				CLANG_WARN_INT_CONVERSION = YES;
				CLANG_WARN_NON_LITERAL_NULL_CONVERSION = YES;
				CLANG_WARN_OBJC_IMPLICIT_RETAIN_SELF = YES;
				CLANG_WARN_OBJC_LITERAL_CONVERSION = YES;
				CLANG_WARN_OBJC_ROOT_CLASS = YES_ERROR;
				CLANG_WARN_QUOTED_INCLUDE_IN_FRAMEWORK_HEADER = YES;
				CLANG_WARN_RANGE_LOOP_ANALYSIS = YES;
				CLANG_WARN_STRICT_PROTOTYPES = YES;
				CLANG_WARN_SUSPICIOUS_MOVE = YES;
				CLANG_WARN_UNGUARDED_AVAILABILITY = YES_AGGRESSIVE;
				CLANG_WARN_UNREACHABLE_CODE = YES;
				CLANG_WARN__DUPLICATE_METHOD_MATCH = YES;
				COPY_PHASE_STRIP = NO;
				DEBUG_INFORMATION_FORMAT = "dwarf-with-dsym";
				ENABLE_NS_ASSERTIONS = NO;
				ENABLE_STRICT_OBJC_MSGSEND = YES;
				GCC_C_LANGUAGE_STANDARD = gnu11;
				GCC_NO_COMMON_BLOCKS = YES;
				GCC_WARN_64_TO_32_BIT_CONVERSION = YES;
				GCC_WARN_ABOUT_RETURN_TYPE = YES_ERROR;
				GCC_WARN_UNDECLARED_SELECTOR = YES;
				GCC_WARN_UNINITIALIZED_AUTOS = YES_AGGRESSIVE;
				GCC_WARN_UNUSED_FUNCTION = YES;
				GCC_WARN_UNUSED_VARIABLE = YES;
				IPHONEOS_DEPLOYMENT_TARGET = 14.0;
				MTL_ENABLE_DEBUG_INFO = NO;
				MTL_FAST_MATH = YES;
				SDKROOT = iphoneos;
				SWIFT_COMPILATION_MODE = wholemodule;
				SWIFT_OPTIMIZATION_LEVEL = "-O";
				VALIDATE_PRODUCT = YES;
			};
			name = Release;
		};
		DD76CB5129B2E19A002C4857 /* Debug */ = {
			isa = XCBuildConfiguration;
			buildSettings = {
				ASSETCATALOG_COMPILER_APPICON_NAME = AppIcon;
				ASSETCATALOG_COMPILER_GLOBAL_ACCENT_COLOR_NAME = AccentColor;
				CODE_SIGN_STYLE = Automatic;
				CURRENT_PROJECT_VERSION = 1;
				DEVELOPMENT_TEAM = J83X8YAG93;
				GENERATE_INFOPLIST_FILE = YES;
				INFOPLIST_FILE = "RisingTest-Instagram-kkukku/Info.plist";
				INFOPLIST_KEY_UIApplicationSupportsIndirectInputEvents = YES;
				INFOPLIST_KEY_UILaunchStoryboardName = LaunchScreen;
				INFOPLIST_KEY_UIMainStoryboardFile = LoginSignUp;
				INFOPLIST_KEY_UISupportedInterfaceOrientations_iPad = "UIInterfaceOrientationPortrait UIInterfaceOrientationPortraitUpsideDown UIInterfaceOrientationLandscapeLeft UIInterfaceOrientationLandscapeRight";
				INFOPLIST_KEY_UISupportedInterfaceOrientations_iPhone = "UIInterfaceOrientationPortrait UIInterfaceOrientationLandscapeLeft UIInterfaceOrientationLandscapeRight";
				IPHONEOS_DEPLOYMENT_TARGET = 14.0;
				LD_RUNPATH_SEARCH_PATHS = (
					"$(inherited)",
					"@executable_path/Frameworks",
				);
				MARKETING_VERSION = 1.0;
				PRODUCT_BUNDLE_IDENTIFIER = "IksangYoo.RisingTest-Instagram-kkukku";
				PRODUCT_NAME = "$(TARGET_NAME)";
				SWIFT_EMIT_LOC_STRINGS = YES;
				SWIFT_VERSION = 5.0;
				TARGETED_DEVICE_FAMILY = "1,2";
			};
			name = Debug;
		};
		DD76CB5229B2E19A002C4857 /* Release */ = {
			isa = XCBuildConfiguration;
			buildSettings = {
				ASSETCATALOG_COMPILER_APPICON_NAME = AppIcon;
				ASSETCATALOG_COMPILER_GLOBAL_ACCENT_COLOR_NAME = AccentColor;
				CODE_SIGN_STYLE = Automatic;
				CURRENT_PROJECT_VERSION = 1;
				DEVELOPMENT_TEAM = J83X8YAG93;
				GENERATE_INFOPLIST_FILE = YES;
				INFOPLIST_FILE = "RisingTest-Instagram-kkukku/Info.plist";
				INFOPLIST_KEY_UIApplicationSupportsIndirectInputEvents = YES;
				INFOPLIST_KEY_UILaunchStoryboardName = LaunchScreen;
				INFOPLIST_KEY_UIMainStoryboardFile = LoginSignUp;
				INFOPLIST_KEY_UISupportedInterfaceOrientations_iPad = "UIInterfaceOrientationPortrait UIInterfaceOrientationPortraitUpsideDown UIInterfaceOrientationLandscapeLeft UIInterfaceOrientationLandscapeRight";
				INFOPLIST_KEY_UISupportedInterfaceOrientations_iPhone = "UIInterfaceOrientationPortrait UIInterfaceOrientationLandscapeLeft UIInterfaceOrientationLandscapeRight";
				IPHONEOS_DEPLOYMENT_TARGET = 14.0;
				LD_RUNPATH_SEARCH_PATHS = (
					"$(inherited)",
					"@executable_path/Frameworks",
				);
				MARKETING_VERSION = 1.0;
				PRODUCT_BUNDLE_IDENTIFIER = "IksangYoo.RisingTest-Instagram-kkukku";
				PRODUCT_NAME = "$(TARGET_NAME)";
				SWIFT_EMIT_LOC_STRINGS = YES;
				SWIFT_VERSION = 5.0;
				TARGETED_DEVICE_FAMILY = "1,2";
			};
			name = Release;
		};
/* End XCBuildConfiguration section */

/* Begin XCConfigurationList section */
		DD76CB3729B2E199002C4857 /* Build configuration list for PBXProject "RisingTest-Instagram-kkukku" */ = {
			isa = XCConfigurationList;
			buildConfigurations = (
				DD76CB4E29B2E19A002C4857 /* Debug */,
				DD76CB4F29B2E19A002C4857 /* Release */,
			);
			defaultConfigurationIsVisible = 0;
			defaultConfigurationName = Release;
		};
		DD76CB5029B2E19A002C4857 /* Build configuration list for PBXNativeTarget "RisingTest-Instagram-kkukku" */ = {
			isa = XCConfigurationList;
			buildConfigurations = (
				DD76CB5129B2E19A002C4857 /* Debug */,
				DD76CB5229B2E19A002C4857 /* Release */,
			);
			defaultConfigurationIsVisible = 0;
			defaultConfigurationName = Release;
		};
/* End XCConfigurationList section */
	};
	rootObject = DD76CB3429B2E199002C4857 /* Project object */;
}
