// !$*UTF8*$!
{
	archiveVersion = 1;
	classes = {
	};
	objectVersion = 56;
	objects = {

/* Begin PBXBuildFile section */
		DD126C1729B47C5600DD2659 /* IQKeyboardManagerSwift in Frameworks */ = {isa = PBXBuildFile; productRef = DD126C1629B47C5600DD2659 /* IQKeyboardManagerSwift */; };
		DD126C1929B482FE00DD2659 /* SignUpWithPhoneViewController.swift in Sources */ = {isa = PBXBuildFile; fileRef = DD126C1829B482FE00DD2659 /* SignUpWithPhoneViewController.swift */; };
		DD126C1B29B48CB700DD2659 /* SignUpWithEmailViewController.swift in Sources */ = {isa = PBXBuildFile; fileRef = DD126C1A29B48CB700DD2659 /* SignUpWithEmailViewController.swift */; };
		DD126C1D29B4A23100DD2659 /* NameViewController.swift in Sources */ = {isa = PBXBuildFile; fileRef = DD126C1C29B4A23100DD2659 /* NameViewController.swift */; };
		DD126C1F29B4A55D00DD2659 /* PasswordViewController.swift in Sources */ = {isa = PBXBuildFile; fileRef = DD126C1E29B4A55D00DD2659 /* PasswordViewController.swift */; };
		DD126C2129B4C25E00DD2659 /* BirthdayViewController.swift in Sources */ = {isa = PBXBuildFile; fileRef = DD126C2029B4C25E00DD2659 /* BirthdayViewController.swift */; };
		DD160F5329B880B900C25F05 /* HomeTableViewCell.swift in Sources */ = {isa = PBXBuildFile; fileRef = DD160F5129B880B900C25F05 /* HomeTableViewCell.swift */; };
		DD160F5429B880B900C25F05 /* HomeTableViewCell.xib in Resources */ = {isa = PBXBuildFile; fileRef = DD160F5229B880B900C25F05 /* HomeTableViewCell.xib */; };
		DD1BE3FB29BB1A1800597E62 /* TopSectionCollectionViewCell.swift in Sources */ = {isa = PBXBuildFile; fileRef = DD1BE3F929BB1A1800597E62 /* TopSectionCollectionViewCell.swift */; };
		DD1BE3FC29BB1A1800597E62 /* TopSectionCollectionViewCell.xib in Resources */ = {isa = PBXBuildFile; fileRef = DD1BE3FA29BB1A1800597E62 /* TopSectionCollectionViewCell.xib */; };
		DD1BE3FF29BB2CAC00597E62 /* MiddleCollectionViewCell.swift in Sources */ = {isa = PBXBuildFile; fileRef = DD1BE3FD29BB2CAC00597E62 /* MiddleCollectionViewCell.swift */; };
		DD1BE40029BB2CAC00597E62 /* MiddleCollectionViewCell.xib in Resources */ = {isa = PBXBuildFile; fileRef = DD1BE3FE29BB2CAC00597E62 /* MiddleCollectionViewCell.xib */; };
		DD1BE40229BB2E1000597E62 /* MiddelSectionHeader.swift in Sources */ = {isa = PBXBuildFile; fileRef = DD1BE40129BB2E1000597E62 /* MiddelSectionHeader.swift */; };
		DD1BE40429BB2E3A00597E62 /* MiddelSectionHeader.xib in Resources */ = {isa = PBXBuildFile; fileRef = DD1BE40329BB2E3A00597E62 /* MiddelSectionHeader.xib */; };
		DD1BE40729BB39E900597E62 /* MiddleCollectionViewSubCell.swift in Sources */ = {isa = PBXBuildFile; fileRef = DD1BE40529BB39E900597E62 /* MiddleCollectionViewSubCell.swift */; };
		DD1BE40829BB39E900597E62 /* MiddleCollectionViewSubCell.xib in Resources */ = {isa = PBXBuildFile; fileRef = DD1BE40629BB39E900597E62 /* MiddleCollectionViewSubCell.xib */; };
		DD1BE40A29BB538700597E62 /* BottomSectionHeader.swift in Sources */ = {isa = PBXBuildFile; fileRef = DD1BE40929BB538700597E62 /* BottomSectionHeader.swift */; };
		DD1BE40E29BB53DE00597E62 /* BottomSectionHeader.xib in Resources */ = {isa = PBXBuildFile; fileRef = DD1BE40D29BB53DE00597E62 /* BottomSectionHeader.xib */; };
		DD1BE41129BB56C400597E62 /* BottomSectionCollectionViewCell.swift in Sources */ = {isa = PBXBuildFile; fileRef = DD1BE40F29BB56C400597E62 /* BottomSectionCollectionViewCell.swift */; };
		DD1BE41229BB56C400597E62 /* BottomSectionCollectionViewCell.xib in Resources */ = {isa = PBXBuildFile; fileRef = DD1BE41029BB56C400597E62 /* BottomSectionCollectionViewCell.xib */; };
		DD1BE41729BB60BC00597E62 /* LogoutViewController.swift in Sources */ = {isa = PBXBuildFile; fileRef = DD1BE41629BB60BC00597E62 /* LogoutViewController.swift */; };
		DD32EB3E29B5B54C00652B1E /* UserNameViewController.swift in Sources */ = {isa = PBXBuildFile; fileRef = DD32EB3D29B5B54C00652B1E /* UserNameViewController.swift */; };
		DD32EB4029B5BB4200652B1E /* AgreementViewController.swift in Sources */ = {isa = PBXBuildFile; fileRef = DD32EB3F29B5BB4200652B1E /* AgreementViewController.swift */; };
		DD32EB4229B5C32700652B1E /* ProfileImageViewViewController.swift in Sources */ = {isa = PBXBuildFile; fileRef = DD32EB4129B5C32700652B1E /* ProfileImageViewViewController.swift */; };
		DD32EB4429B5CC1000652B1E /* HomeViewController.swift in Sources */ = {isa = PBXBuildFile; fileRef = DD32EB4329B5CC1000652B1E /* HomeViewController.swift */; };
		DD32EB4629B5D32800652B1E /* OptionViewController.swift in Sources */ = {isa = PBXBuildFile; fileRef = DD32EB4529B5D32800652B1E /* OptionViewController.swift */; };
		DD32EB4829B5F4EA00652B1E /* WelcomeViewController.swift in Sources */ = {isa = PBXBuildFile; fileRef = DD32EB4729B5F4EA00652B1E /* WelcomeViewController.swift */; };
		DD3D5CEC29BDD4AD00149EDC /* SearchViewController.swift in Sources */ = {isa = PBXBuildFile; fileRef = DD3D5CEB29BDD4AD00149EDC /* SearchViewController.swift */; };
		DD3D5CEE29BDD77E00149EDC /* DebounceTextFiled.swift in Sources */ = {isa = PBXBuildFile; fileRef = DD3D5CED29BDD77E00149EDC /* DebounceTextFiled.swift */; };
		DD3D5CF029BDE9FB00149EDC /* SearchAPI.swift in Sources */ = {isa = PBXBuildFile; fileRef = DD3D5CEF29BDE9FB00149EDC /* SearchAPI.swift */; };
		DD3D5CF229BDEA0C00149EDC /* SearchResponse.swift in Sources */ = {isa = PBXBuildFile; fileRef = DD3D5CF129BDEA0C00149EDC /* SearchResponse.swift */; };
		DD3D5CF529BDFC1800149EDC /* SearchTableViewCell.swift in Sources */ = {isa = PBXBuildFile; fileRef = DD3D5CF329BDFC1700149EDC /* SearchTableViewCell.swift */; };
		DD3D5CF629BDFC1800149EDC /* SearchTableViewCell.xib in Resources */ = {isa = PBXBuildFile; fileRef = DD3D5CF429BDFC1700149EDC /* SearchTableViewCell.xib */; };
		DD4F14CF29B9E4AD0008849A /* FirebaseAnalytics in Frameworks */ = {isa = PBXBuildFile; productRef = DD4F14CE29B9E4AD0008849A /* FirebaseAnalytics */; };
		DD4F14D129B9E4AD0008849A /* FirebaseAuth in Frameworks */ = {isa = PBXBuildFile; productRef = DD4F14D029B9E4AD0008849A /* FirebaseAuth */; };
		DD4F14D329B9E4AD0008849A /* FirebaseDatabase in Frameworks */ = {isa = PBXBuildFile; productRef = DD4F14D229B9E4AD0008849A /* FirebaseDatabase */; };
		DD4F14D529B9E4AD0008849A /* FirebaseDatabaseSwift in Frameworks */ = {isa = PBXBuildFile; productRef = DD4F14D429B9E4AD0008849A /* FirebaseDatabaseSwift */; };
		DD4F14D729B9E4AD0008849A /* FirebaseDynamicLinks in Frameworks */ = {isa = PBXBuildFile; productRef = DD4F14D629B9E4AD0008849A /* FirebaseDynamicLinks */; };
		DD4F14D929B9E4AD0008849A /* FirebaseFirestore in Frameworks */ = {isa = PBXBuildFile; productRef = DD4F14D829B9E4AD0008849A /* FirebaseFirestore */; };
		DD4F14DB29B9E4AD0008849A /* FirebaseStorage in Frameworks */ = {isa = PBXBuildFile; productRef = DD4F14DA29B9E4AD0008849A /* FirebaseStorage */; };
		DD4F14DD29B9E4AD0008849A /* FirebaseStorageCombine-Community in Frameworks */ = {isa = PBXBuildFile; productRef = DD4F14DC29B9E4AD0008849A /* FirebaseStorageCombine-Community */; };
		DD4F14DF29B9E5090008849A /* GoogleService-Info.plist in Resources */ = {isa = PBXBuildFile; fileRef = DD4F14DE29B9E5090008849A /* GoogleService-Info.plist */; };
		DD4F14E129B9E6730008849A /* FirebaseUtilities.swift in Sources */ = {isa = PBXBuildFile; fileRef = DD4F14E029B9E6730008849A /* FirebaseUtilities.swift */; };
		DD4F14E629B9F5F90008849A /* PostViewController.swift in Sources */ = {isa = PBXBuildFile; fileRef = DD4F14E529B9F5F90008849A /* PostViewController.swift */; };
		DD4F14E929B9F9540008849A /* YPImagePicker in Frameworks */ = {isa = PBXBuildFile; productRef = DD4F14E829B9F9540008849A /* YPImagePicker */; };
		DD4F14EB29BA0B5B0008849A /* SetPostViewController.swift in Sources */ = {isa = PBXBuildFile; fileRef = DD4F14EA29BA0B5B0008849A /* SetPostViewController.swift */; };
		DD6529B729B34AF70089AD5C /* LoginSignUp.storyboard in Resources */ = {isa = PBXBuildFile; fileRef = DD6529B629B34AF70089AD5C /* LoginSignUp.storyboard */; };
		DD6529BE29B34F2E0089AD5C /* Constant.swift in Sources */ = {isa = PBXBuildFile; fileRef = DD6529BD29B34F2E0089AD5C /* Constant.swift */; };
		DD6529C129B34F7C0089AD5C /* JWTToken.swift in Sources */ = {isa = PBXBuildFile; fileRef = DD6529C029B34F7C0089AD5C /* JWTToken.swift */; };
		DD6529C829B350980089AD5C /* IndicatorView.swift in Sources */ = {isa = PBXBuildFile; fileRef = DD6529C729B350980089AD5C /* IndicatorView.swift */; };
		DD6529CA29B350E90089AD5C /* UIColor.swift in Sources */ = {isa = PBXBuildFile; fileRef = DD6529C929B350E90089AD5C /* UIColor.swift */; };
		DD6529CC29B351530089AD5C /* Device.swift in Sources */ = {isa = PBXBuildFile; fileRef = DD6529CB29B351530089AD5C /* Device.swift */; };
		DD6529D729B3563C0089AD5C /* MainTabBar.storyboard in Resources */ = {isa = PBXBuildFile; fileRef = DD6529D629B3563C0089AD5C /* MainTabBar.storyboard */; };
		DD6529DB29B356A90089AD5C /* HomeStoryboard.storyboard in Resources */ = {isa = PBXBuildFile; fileRef = DD6529DA29B356A90089AD5C /* HomeStoryboard.storyboard */; };
		DD6529DD29B358A00089AD5C /* SearchStoryboard.storyboard in Resources */ = {isa = PBXBuildFile; fileRef = DD6529DC29B358A00089AD5C /* SearchStoryboard.storyboard */; };
		DD6529DF29B358AB0089AD5C /* PostStoryboard.storyboard in Resources */ = {isa = PBXBuildFile; fileRef = DD6529DE29B358AB0089AD5C /* PostStoryboard.storyboard */; };
		DD6529E129B358B90089AD5C /* ReelsStoryboard.storyboard in Resources */ = {isa = PBXBuildFile; fileRef = DD6529E029B358B90089AD5C /* ReelsStoryboard.storyboard */; };
		DD6529E329B358C50089AD5C /* ProfileStoryboard.storyboard in Resources */ = {isa = PBXBuildFile; fileRef = DD6529E229B358C50089AD5C /* ProfileStoryboard.storyboard */; };
		DD6529E629B3680D0089AD5C /* LoginViewController.swift in Sources */ = {isa = PBXBuildFile; fileRef = DD6529E529B3680D0089AD5C /* LoginViewController.swift */; };
		DD6529E829B36E520089AD5C /* UITextField.swift in Sources */ = {isa = PBXBuildFile; fileRef = DD6529E729B36E520089AD5C /* UITextField.swift */; };
		DD6529EA29B372480089AD5C /* UIButton.swift in Sources */ = {isa = PBXBuildFile; fileRef = DD6529E929B372480089AD5C /* UIButton.swift */; };
		DD6529EC29B380D30089AD5C /* CustomTextField.swift in Sources */ = {isa = PBXBuildFile; fileRef = DD6529EB29B380D30089AD5C /* CustomTextField.swift */; };
		DD76CB4029B2E199002C4857 /* AppDelegate.swift in Sources */ = {isa = PBXBuildFile; fileRef = DD76CB3F29B2E199002C4857 /* AppDelegate.swift */; };
		DD76CB4229B2E199002C4857 /* SceneDelegate.swift in Sources */ = {isa = PBXBuildFile; fileRef = DD76CB4129B2E199002C4857 /* SceneDelegate.swift */; };
		DD76CB4929B2E19A002C4857 /* Assets.xcassets in Resources */ = {isa = PBXBuildFile; fileRef = DD76CB4829B2E19A002C4857 /* Assets.xcassets */; };
		DD76CB4C29B2E19A002C4857 /* LaunchScreen.storyboard in Resources */ = {isa = PBXBuildFile; fileRef = DD76CB4A29B2E19A002C4857 /* LaunchScreen.storyboard */; };
		DD87551929BC692E009C2B0B /* PostAPI.swift in Sources */ = {isa = PBXBuildFile; fileRef = DD87551829BC692E009C2B0B /* PostAPI.swift */; };
		DD87551D29BC8E52009C2B0B /* PostResponse.swift in Sources */ = {isa = PBXBuildFile; fileRef = DD87551C29BC8E52009C2B0B /* PostResponse.swift */; };
		DD87551F29BC92C8009C2B0B /* LoadingLogin.storyboard in Resources */ = {isa = PBXBuildFile; fileRef = DD87551E29BC92C8009C2B0B /* LoadingLogin.storyboard */; };
		DD87552229BCA5A2009C2B0B /* Kingfisher in Frameworks */ = {isa = PBXBuildFile; productRef = DD87552129BCA5A2009C2B0B /* Kingfisher */; };
		DD87552829BCD0CE009C2B0B /* Date.swift in Sources */ = {isa = PBXBuildFile; fileRef = DD87552729BCD0CE009C2B0B /* Date.swift */; };
		DDCFEA1B29B5FCD300DA87C0 /* TryingSignUpUser.swift in Sources */ = {isa = PBXBuildFile; fileRef = DDCFEA1A29B5FCD300DA87C0 /* TryingSignUpUser.swift */; };
		DDE73BC329B717AA00BF6EF2 /* LoginAPI.swift in Sources */ = {isa = PBXBuildFile; fileRef = DDE73BC229B717AA00BF6EF2 /* LoginAPI.swift */; };
		DDE73BC629B7196F00BF6EF2 /* Alamofire in Frameworks */ = {isa = PBXBuildFile; productRef = DDE73BC529B7196F00BF6EF2 /* Alamofire */; };
		DDE73BC829B719A900BF6EF2 /* CurrentUser.swift in Sources */ = {isa = PBXBuildFile; fileRef = DDE73BC729B719A900BF6EF2 /* CurrentUser.swift */; };
		DDE73BCA29B71A3800BF6EF2 /* SignUpAPI.swift in Sources */ = {isa = PBXBuildFile; fileRef = DDE73BC929B71A3800BF6EF2 /* SignUpAPI.swift */; };
		DDE73BCC29B724A400BF6EF2 /* TokenUtilities.swift in Sources */ = {isa = PBXBuildFile; fileRef = DDE73BCB29B724A400BF6EF2 /* TokenUtilities.swift */; };
		DDE73BD329B73F3000BF6EF2 /* UserResponse.swift in Sources */ = {isa = PBXBuildFile; fileRef = DDE73BD229B73F3000BF6EF2 /* UserResponse.swift */; };
		DDE73BD629B75AAB00BF6EF2 /* ProfileViewController.swift in Sources */ = {isa = PBXBuildFile; fileRef = DDE73BD529B75AAB00BF6EF2 /* ProfileViewController.swift */; };
/* End PBXBuildFile section */

/* Begin PBXFileReference section */
		DD126C1829B482FE00DD2659 /* SignUpWithPhoneViewController.swift */ = {isa = PBXFileReference; lastKnownFileType = sourcecode.swift; path = SignUpWithPhoneViewController.swift; sourceTree = "<group>"; };
		DD126C1A29B48CB700DD2659 /* SignUpWithEmailViewController.swift */ = {isa = PBXFileReference; lastKnownFileType = sourcecode.swift; path = SignUpWithEmailViewController.swift; sourceTree = "<group>"; };
		DD126C1C29B4A23100DD2659 /* NameViewController.swift */ = {isa = PBXFileReference; lastKnownFileType = sourcecode.swift; path = NameViewController.swift; sourceTree = "<group>"; };
		DD126C1E29B4A55D00DD2659 /* PasswordViewController.swift */ = {isa = PBXFileReference; lastKnownFileType = sourcecode.swift; path = PasswordViewController.swift; sourceTree = "<group>"; };
		DD126C2029B4C25E00DD2659 /* BirthdayViewController.swift */ = {isa = PBXFileReference; lastKnownFileType = sourcecode.swift; path = BirthdayViewController.swift; sourceTree = "<group>"; };
		DD160F5129B880B900C25F05 /* HomeTableViewCell.swift */ = {isa = PBXFileReference; lastKnownFileType = sourcecode.swift; path = HomeTableViewCell.swift; sourceTree = "<group>"; };
		DD160F5229B880B900C25F05 /* HomeTableViewCell.xib */ = {isa = PBXFileReference; lastKnownFileType = file.xib; path = HomeTableViewCell.xib; sourceTree = "<group>"; };
		DD1BE3F929BB1A1800597E62 /* TopSectionCollectionViewCell.swift */ = {isa = PBXFileReference; lastKnownFileType = sourcecode.swift; path = TopSectionCollectionViewCell.swift; sourceTree = "<group>"; };
		DD1BE3FA29BB1A1800597E62 /* TopSectionCollectionViewCell.xib */ = {isa = PBXFileReference; lastKnownFileType = file.xib; path = TopSectionCollectionViewCell.xib; sourceTree = "<group>"; };
		DD1BE3FD29BB2CAC00597E62 /* MiddleCollectionViewCell.swift */ = {isa = PBXFileReference; lastKnownFileType = sourcecode.swift; path = MiddleCollectionViewCell.swift; sourceTree = "<group>"; };
		DD1BE3FE29BB2CAC00597E62 /* MiddleCollectionViewCell.xib */ = {isa = PBXFileReference; lastKnownFileType = file.xib; path = MiddleCollectionViewCell.xib; sourceTree = "<group>"; };
		DD1BE40129BB2E1000597E62 /* MiddelSectionHeader.swift */ = {isa = PBXFileReference; lastKnownFileType = sourcecode.swift; path = MiddelSectionHeader.swift; sourceTree = "<group>"; };
		DD1BE40329BB2E3A00597E62 /* MiddelSectionHeader.xib */ = {isa = PBXFileReference; lastKnownFileType = file.xib; path = MiddelSectionHeader.xib; sourceTree = "<group>"; };
		DD1BE40529BB39E900597E62 /* MiddleCollectionViewSubCell.swift */ = {isa = PBXFileReference; lastKnownFileType = sourcecode.swift; path = MiddleCollectionViewSubCell.swift; sourceTree = "<group>"; };
		DD1BE40629BB39E900597E62 /* MiddleCollectionViewSubCell.xib */ = {isa = PBXFileReference; lastKnownFileType = file.xib; path = MiddleCollectionViewSubCell.xib; sourceTree = "<group>"; };
		DD1BE40929BB538700597E62 /* BottomSectionHeader.swift */ = {isa = PBXFileReference; lastKnownFileType = sourcecode.swift; path = BottomSectionHeader.swift; sourceTree = "<group>"; };
		DD1BE40D29BB53DE00597E62 /* BottomSectionHeader.xib */ = {isa = PBXFileReference; lastKnownFileType = file.xib; path = BottomSectionHeader.xib; sourceTree = "<group>"; };
		DD1BE40F29BB56C400597E62 /* BottomSectionCollectionViewCell.swift */ = {isa = PBXFileReference; lastKnownFileType = sourcecode.swift; path = BottomSectionCollectionViewCell.swift; sourceTree = "<group>"; };
		DD1BE41029BB56C400597E62 /* BottomSectionCollectionViewCell.xib */ = {isa = PBXFileReference; lastKnownFileType = file.xib; path = BottomSectionCollectionViewCell.xib; sourceTree = "<group>"; };
		DD1BE41629BB60BC00597E62 /* LogoutViewController.swift */ = {isa = PBXFileReference; lastKnownFileType = sourcecode.swift; path = LogoutViewController.swift; sourceTree = "<group>"; };
		DD32EB3D29B5B54C00652B1E /* UserNameViewController.swift */ = {isa = PBXFileReference; lastKnownFileType = sourcecode.swift; path = UserNameViewController.swift; sourceTree = "<group>"; };
		DD32EB3F29B5BB4200652B1E /* AgreementViewController.swift */ = {isa = PBXFileReference; lastKnownFileType = sourcecode.swift; path = AgreementViewController.swift; sourceTree = "<group>"; };
		DD32EB4129B5C32700652B1E /* ProfileImageViewViewController.swift */ = {isa = PBXFileReference; lastKnownFileType = sourcecode.swift; path = ProfileImageViewViewController.swift; sourceTree = "<group>"; };
		DD32EB4329B5CC1000652B1E /* HomeViewController.swift */ = {isa = PBXFileReference; lastKnownFileType = sourcecode.swift; path = HomeViewController.swift; sourceTree = "<group>"; };
		DD32EB4529B5D32800652B1E /* OptionViewController.swift */ = {isa = PBXFileReference; lastKnownFileType = sourcecode.swift; path = OptionViewController.swift; sourceTree = "<group>"; };
		DD32EB4729B5F4EA00652B1E /* WelcomeViewController.swift */ = {isa = PBXFileReference; lastKnownFileType = sourcecode.swift; path = WelcomeViewController.swift; sourceTree = "<group>"; };
		DD3D5CEB29BDD4AD00149EDC /* SearchViewController.swift */ = {isa = PBXFileReference; lastKnownFileType = sourcecode.swift; path = SearchViewController.swift; sourceTree = "<group>"; };
		DD3D5CED29BDD77E00149EDC /* DebounceTextFiled.swift */ = {isa = PBXFileReference; lastKnownFileType = sourcecode.swift; path = DebounceTextFiled.swift; sourceTree = "<group>"; };
		DD3D5CEF29BDE9FB00149EDC /* SearchAPI.swift */ = {isa = PBXFileReference; lastKnownFileType = sourcecode.swift; path = SearchAPI.swift; sourceTree = "<group>"; };
		DD3D5CF129BDEA0C00149EDC /* SearchResponse.swift */ = {isa = PBXFileReference; lastKnownFileType = sourcecode.swift; path = SearchResponse.swift; sourceTree = "<group>"; };
		DD3D5CF329BDFC1700149EDC /* SearchTableViewCell.swift */ = {isa = PBXFileReference; lastKnownFileType = sourcecode.swift; path = SearchTableViewCell.swift; sourceTree = "<group>"; };
		DD3D5CF429BDFC1700149EDC /* SearchTableViewCell.xib */ = {isa = PBXFileReference; lastKnownFileType = file.xib; path = SearchTableViewCell.xib; sourceTree = "<group>"; };
		DD4F14DE29B9E5090008849A /* GoogleService-Info.plist */ = {isa = PBXFileReference; fileEncoding = 4; lastKnownFileType = text.plist.xml; path = "GoogleService-Info.plist"; sourceTree = "<group>"; };
		DD4F14E029B9E6730008849A /* FirebaseUtilities.swift */ = {isa = PBXFileReference; lastKnownFileType = sourcecode.swift; path = FirebaseUtilities.swift; sourceTree = "<group>"; };
		DD4F14E529B9F5F90008849A /* PostViewController.swift */ = {isa = PBXFileReference; lastKnownFileType = sourcecode.swift; path = PostViewController.swift; sourceTree = "<group>"; };
		DD4F14EA29BA0B5B0008849A /* SetPostViewController.swift */ = {isa = PBXFileReference; lastKnownFileType = sourcecode.swift; path = SetPostViewController.swift; sourceTree = "<group>"; };
		DD6529B629B34AF70089AD5C /* LoginSignUp.storyboard */ = {isa = PBXFileReference; lastKnownFileType = file.storyboard; path = LoginSignUp.storyboard; sourceTree = "<group>"; };
		DD6529BD29B34F2E0089AD5C /* Constant.swift */ = {isa = PBXFileReference; lastKnownFileType = sourcecode.swift; path = Constant.swift; sourceTree = "<group>"; };
		DD6529C029B34F7C0089AD5C /* JWTToken.swift */ = {isa = PBXFileReference; lastKnownFileType = sourcecode.swift; path = JWTToken.swift; sourceTree = "<group>"; };
		DD6529C729B350980089AD5C /* IndicatorView.swift */ = {isa = PBXFileReference; lastKnownFileType = sourcecode.swift; path = IndicatorView.swift; sourceTree = "<group>"; };
		DD6529C929B350E90089AD5C /* UIColor.swift */ = {isa = PBXFileReference; lastKnownFileType = sourcecode.swift; path = UIColor.swift; sourceTree = "<group>"; };
		DD6529CB29B351530089AD5C /* Device.swift */ = {isa = PBXFileReference; lastKnownFileType = sourcecode.swift; path = Device.swift; sourceTree = "<group>"; };
		DD6529D629B3563C0089AD5C /* MainTabBar.storyboard */ = {isa = PBXFileReference; lastKnownFileType = file.storyboard; path = MainTabBar.storyboard; sourceTree = "<group>"; };
		DD6529DA29B356A90089AD5C /* HomeStoryboard.storyboard */ = {isa = PBXFileReference; lastKnownFileType = file.storyboard; path = HomeStoryboard.storyboard; sourceTree = "<group>"; };
		DD6529DC29B358A00089AD5C /* SearchStoryboard.storyboard */ = {isa = PBXFileReference; lastKnownFileType = file.storyboard; path = SearchStoryboard.storyboard; sourceTree = "<group>"; };
		DD6529DE29B358AB0089AD5C /* PostStoryboard.storyboard */ = {isa = PBXFileReference; lastKnownFileType = file.storyboard; path = PostStoryboard.storyboard; sourceTree = "<group>"; };
		DD6529E029B358B90089AD5C /* ReelsStoryboard.storyboard */ = {isa = PBXFileReference; lastKnownFileType = file.storyboard; path = ReelsStoryboard.storyboard; sourceTree = "<group>"; };
		DD6529E229B358C50089AD5C /* ProfileStoryboard.storyboard */ = {isa = PBXFileReference; lastKnownFileType = file.storyboard; path = ProfileStoryboard.storyboard; sourceTree = "<group>"; };
		DD6529E529B3680D0089AD5C /* LoginViewController.swift */ = {isa = PBXFileReference; lastKnownFileType = sourcecode.swift; path = LoginViewController.swift; sourceTree = "<group>"; };
		DD6529E729B36E520089AD5C /* UITextField.swift */ = {isa = PBXFileReference; lastKnownFileType = sourcecode.swift; path = UITextField.swift; sourceTree = "<group>"; };
		DD6529E929B372480089AD5C /* UIButton.swift */ = {isa = PBXFileReference; lastKnownFileType = sourcecode.swift; path = UIButton.swift; sourceTree = "<group>"; };
		DD6529EB29B380D30089AD5C /* CustomTextField.swift */ = {isa = PBXFileReference; lastKnownFileType = sourcecode.swift; path = CustomTextField.swift; sourceTree = "<group>"; };
		DD76CB3C29B2E199002C4857 /* RisingTest-Instagram-kkukku.app */ = {isa = PBXFileReference; explicitFileType = wrapper.application; includeInIndex = 0; path = "RisingTest-Instagram-kkukku.app"; sourceTree = BUILT_PRODUCTS_DIR; };
		DD76CB3F29B2E199002C4857 /* AppDelegate.swift */ = {isa = PBXFileReference; lastKnownFileType = sourcecode.swift; path = AppDelegate.swift; sourceTree = "<group>"; };
		DD76CB4129B2E199002C4857 /* SceneDelegate.swift */ = {isa = PBXFileReference; lastKnownFileType = sourcecode.swift; path = SceneDelegate.swift; sourceTree = "<group>"; };
		DD76CB4829B2E19A002C4857 /* Assets.xcassets */ = {isa = PBXFileReference; lastKnownFileType = folder.assetcatalog; path = Assets.xcassets; sourceTree = "<group>"; };
		DD76CB4B29B2E19A002C4857 /* Base */ = {isa = PBXFileReference; lastKnownFileType = file.storyboard; name = Base; path = Base.lproj/LaunchScreen.storyboard; sourceTree = "<group>"; };
		DD76CB4D29B2E19A002C4857 /* Info.plist */ = {isa = PBXFileReference; lastKnownFileType = text.plist.xml; path = Info.plist; sourceTree = "<group>"; };
		DD87551829BC692E009C2B0B /* PostAPI.swift */ = {isa = PBXFileReference; lastKnownFileType = sourcecode.swift; path = PostAPI.swift; sourceTree = "<group>"; };
		DD87551C29BC8E52009C2B0B /* PostResponse.swift */ = {isa = PBXFileReference; lastKnownFileType = sourcecode.swift; path = PostResponse.swift; sourceTree = "<group>"; };
		DD87551E29BC92C8009C2B0B /* LoadingLogin.storyboard */ = {isa = PBXFileReference; lastKnownFileType = file.storyboard; path = LoadingLogin.storyboard; sourceTree = "<group>"; };
		DD87552729BCD0CE009C2B0B /* Date.swift */ = {isa = PBXFileReference; lastKnownFileType = sourcecode.swift; path = Date.swift; sourceTree = "<group>"; };
		DDCFEA1A29B5FCD300DA87C0 /* TryingSignUpUser.swift */ = {isa = PBXFileReference; lastKnownFileType = sourcecode.swift; path = TryingSignUpUser.swift; sourceTree = "<group>"; };
		DDE73BC229B717AA00BF6EF2 /* LoginAPI.swift */ = {isa = PBXFileReference; lastKnownFileType = sourcecode.swift; path = LoginAPI.swift; sourceTree = "<group>"; };
		DDE73BC729B719A900BF6EF2 /* CurrentUser.swift */ = {isa = PBXFileReference; lastKnownFileType = sourcecode.swift; path = CurrentUser.swift; sourceTree = "<group>"; };
		DDE73BC929B71A3800BF6EF2 /* SignUpAPI.swift */ = {isa = PBXFileReference; lastKnownFileType = sourcecode.swift; path = SignUpAPI.swift; sourceTree = "<group>"; };
		DDE73BCB29B724A400BF6EF2 /* TokenUtilities.swift */ = {isa = PBXFileReference; lastKnownFileType = sourcecode.swift; path = TokenUtilities.swift; sourceTree = "<group>"; };
		DDE73BD229B73F3000BF6EF2 /* UserResponse.swift */ = {isa = PBXFileReference; lastKnownFileType = sourcecode.swift; path = UserResponse.swift; sourceTree = "<group>"; };
		DDE73BD529B75AAB00BF6EF2 /* ProfileViewController.swift */ = {isa = PBXFileReference; lastKnownFileType = sourcecode.swift; path = ProfileViewController.swift; sourceTree = "<group>"; };
/* End PBXFileReference section */

/* Begin PBXFrameworksBuildPhase section */
		DD76CB3929B2E199002C4857 /* Frameworks */ = {
			isa = PBXFrameworksBuildPhase;
			buildActionMask = 2147483647;
			files = (
				DD87552229BCA5A2009C2B0B /* Kingfisher in Frameworks */,
				DD4F14E929B9F9540008849A /* YPImagePicker in Frameworks */,
				DD4F14D529B9E4AD0008849A /* FirebaseDatabaseSwift in Frameworks */,
				DD4F14D329B9E4AD0008849A /* FirebaseDatabase in Frameworks */,
				DD4F14DD29B9E4AD0008849A /* FirebaseStorageCombine-Community in Frameworks */,
				DD4F14DB29B9E4AD0008849A /* FirebaseStorage in Frameworks */,
				DD126C1729B47C5600DD2659 /* IQKeyboardManagerSwift in Frameworks */,
				DDE73BC629B7196F00BF6EF2 /* Alamofire in Frameworks */,
				DD4F14CF29B9E4AD0008849A /* FirebaseAnalytics in Frameworks */,
				DD4F14D929B9E4AD0008849A /* FirebaseFirestore in Frameworks */,
				DD4F14D729B9E4AD0008849A /* FirebaseDynamicLinks in Frameworks */,
				DD4F14D129B9E4AD0008849A /* FirebaseAuth in Frameworks */,
			);
			runOnlyForDeploymentPostprocessing = 0;
		};
/* End PBXFrameworksBuildPhase section */

/* Begin PBXGroup section */
		DD1BE3F629BB199500597E62 /* TopSection */ = {
			isa = PBXGroup;
			children = (
				DD1BE3F929BB1A1800597E62 /* TopSectionCollectionViewCell.swift */,
				DD1BE3FA29BB1A1800597E62 /* TopSectionCollectionViewCell.xib */,
			);
			path = TopSection;
			sourceTree = "<group>";
		};
		DD1BE3F729BB19A200597E62 /* MiddelSection */ = {
			isa = PBXGroup;
			children = (
				DD1BE3FD29BB2CAC00597E62 /* MiddleCollectionViewCell.swift */,
				DD1BE3FE29BB2CAC00597E62 /* MiddleCollectionViewCell.xib */,
				DD1BE40129BB2E1000597E62 /* MiddelSectionHeader.swift */,
				DD1BE40329BB2E3A00597E62 /* MiddelSectionHeader.xib */,
				DD1BE40529BB39E900597E62 /* MiddleCollectionViewSubCell.swift */,
				DD1BE40629BB39E900597E62 /* MiddleCollectionViewSubCell.xib */,
			);
			path = MiddelSection;
			sourceTree = "<group>";
		};
		DD1BE3F829BB19AB00597E62 /* BottonSection */ = {
			isa = PBXGroup;
			children = (
				DD1BE40929BB538700597E62 /* BottomSectionHeader.swift */,
				DD1BE40D29BB53DE00597E62 /* BottomSectionHeader.xib */,
				DD1BE40F29BB56C400597E62 /* BottomSectionCollectionViewCell.swift */,
				DD1BE41029BB56C400597E62 /* BottomSectionCollectionViewCell.xib */,
			);
			path = BottonSection;
			sourceTree = "<group>";
		};
		DD32EB4A29B5F97900652B1E /* Controller */ = {
			isa = PBXGroup;
			children = (
				DD6529E529B3680D0089AD5C /* LoginViewController.swift */,
				DD126C1829B482FE00DD2659 /* SignUpWithPhoneViewController.swift */,
				DD126C1A29B48CB700DD2659 /* SignUpWithEmailViewController.swift */,
				DD126C1C29B4A23100DD2659 /* NameViewController.swift */,
				DD126C1E29B4A55D00DD2659 /* PasswordViewController.swift */,
				DD126C2029B4C25E00DD2659 /* BirthdayViewController.swift */,
				DD32EB3D29B5B54C00652B1E /* UserNameViewController.swift */,
				DD32EB3F29B5BB4200652B1E /* AgreementViewController.swift */,
				DD32EB4129B5C32700652B1E /* ProfileImageViewViewController.swift */,
				DD32EB4529B5D32800652B1E /* OptionViewController.swift */,
				DD32EB4729B5F4EA00652B1E /* WelcomeViewController.swift */,
			);
			path = Controller;
			sourceTree = "<group>";
		};
		DD3D5CE729BDD45300149EDC /* Model */ = {
			isa = PBXGroup;
			children = (
				DD3D5CEF29BDE9FB00149EDC /* SearchAPI.swift */,
				DD3D5CF129BDEA0C00149EDC /* SearchResponse.swift */,
			);
			path = Model;
			sourceTree = "<group>";
		};
		DD3D5CE829BDD47500149EDC /* Controller */ = {
			isa = PBXGroup;
			children = (
				DD3D5CEB29BDD4AD00149EDC /* SearchViewController.swift */,
			);
			path = Controller;
			sourceTree = "<group>";
		};
		DD3D5CE929BDD48100149EDC /* View */ = {
			isa = PBXGroup;
			children = (
				DD6529DC29B358A00089AD5C /* SearchStoryboard.storyboard */,
				DD3D5CF329BDFC1700149EDC /* SearchTableViewCell.swift */,
				DD3D5CF429BDFC1700149EDC /* SearchTableViewCell.xib */,
			);
			path = View;
			sourceTree = "<group>";
		};
		DD4F14E229B9F5030008849A /* View */ = {
			isa = PBXGroup;
			children = (
				DD6529DE29B358AB0089AD5C /* PostStoryboard.storyboard */,
			);
			path = View;
			sourceTree = "<group>";
		};
		DD4F14E329B9F50F0008849A /* Model */ = {
			isa = PBXGroup;
			children = (
				DD87551829BC692E009C2B0B /* PostAPI.swift */,
				DD87551C29BC8E52009C2B0B /* PostResponse.swift */,
			);
			path = Model;
			sourceTree = "<group>";
		};
		DD4F14E429B9F5400008849A /* Controller */ = {
			isa = PBXGroup;
			children = (
				DD4F14E529B9F5F90008849A /* PostViewController.swift */,
				DD4F14EA29BA0B5B0008849A /* SetPostViewController.swift */,
			);
			path = Controller;
			sourceTree = "<group>";
		};
		DD6529B829B34EF70089AD5C /* Configuration */ = {
			isa = PBXGroup;
			children = (
				DD6529BD29B34F2E0089AD5C /* Constant.swift */,
				DD6529BF29B34F660089AD5C /* Secret */,
				DD6529C229B34FB20089AD5C /* Font */,
			);
			path = Configuration;
			sourceTree = "<group>";
		};
		DD6529BF29B34F660089AD5C /* Secret */ = {
			isa = PBXGroup;
			children = (
				DD6529C029B34F7C0089AD5C /* JWTToken.swift */,
			);
			path = Secret;
			sourceTree = "<group>";
		};
		DD6529C229B34FB20089AD5C /* Font */ = {
			isa = PBXGroup;
			children = (
			);
			path = Font;
			sourceTree = "<group>";
		};
		DD6529C529B3506A0089AD5C /* Utilities */ = {
			isa = PBXGroup;
			children = (
				DD6529C629B3507F0089AD5C /* Extension */,
				DD6529C729B350980089AD5C /* IndicatorView.swift */,
				DD6529CB29B351530089AD5C /* Device.swift */,
				DDE73BCB29B724A400BF6EF2 /* TokenUtilities.swift */,
				DD4F14E029B9E6730008849A /* FirebaseUtilities.swift */,
			);
			path = Utilities;
			sourceTree = "<group>";
		};
		DD6529C629B3507F0089AD5C /* Extension */ = {
			isa = PBXGroup;
			children = (
				DD6529C929B350E90089AD5C /* UIColor.swift */,
				DD6529E729B36E520089AD5C /* UITextField.swift */,
				DD6529E929B372480089AD5C /* UIButton.swift */,
				DD6529EB29B380D30089AD5C /* CustomTextField.swift */,
				DD87552729BCD0CE009C2B0B /* Date.swift */,
				DD3D5CED29BDD77E00149EDC /* DebounceTextFiled.swift */,
			);
			path = Extension;
			sourceTree = "<group>";
		};
		DD6529CD29B3541E0089AD5C /* LoginSignUp */ = {
			isa = PBXGroup;
			children = (
				DDCFEA1929B5FCAE00DA87C0 /* Model */,
				DDCFEA1829B5FC8200DA87C0 /* View */,
				DD32EB4A29B5F97900652B1E /* Controller */,
			);
			path = LoginSignUp;
			sourceTree = "<group>";
		};
		DD6529CE29B3546B0089AD5C /* Home */ = {
			isa = PBXGroup;
			children = (
				DD87551429BC68E6009C2B0B /* Model */,
				DDCFEA1629B5FB3F00DA87C0 /* View */,
				DDCFEA1C29B6015300DA87C0 /* Controller */,
			);
			path = Home;
			sourceTree = "<group>";
		};
		DD6529D029B354790089AD5C /* Search */ = {
			isa = PBXGroup;
			children = (
				DD3D5CE729BDD45300149EDC /* Model */,
				DD3D5CE929BDD48100149EDC /* View */,
				DD3D5CE829BDD47500149EDC /* Controller */,
			);
			path = Search;
			sourceTree = "<group>";
		};
		DD6529D129B354FA0089AD5C /* Post */ = {
			isa = PBXGroup;
			children = (
				DD4F14E329B9F50F0008849A /* Model */,
				DD4F14E229B9F5030008849A /* View */,
				DD4F14E429B9F5400008849A /* Controller */,
			);
			path = Post;
			sourceTree = "<group>";
		};
		DD6529D229B355100089AD5C /* Reels */ = {
			isa = PBXGroup;
			children = (
				DD6529E029B358B90089AD5C /* ReelsStoryboard.storyboard */,
			);
			path = Reels;
			sourceTree = "<group>";
		};
		DD6529D329B355180089AD5C /* Profile */ = {
			isa = PBXGroup;
			children = (
				DD81409C29BB17BD00E172F0 /* Model */,
				DD81409D29BB17C200E172F0 /* View */,
				DD81409E29BB17C700E172F0 /* Controller */,
			);
			path = Profile;
			sourceTree = "<group>";
		};
		DD6529D429B355300089AD5C /* AppSceneDelegate */ = {
			isa = PBXGroup;
			children = (
				DD76CB3F29B2E199002C4857 /* AppDelegate.swift */,
				DD76CB4129B2E199002C4857 /* SceneDelegate.swift */,
			);
			path = AppSceneDelegate;
			sourceTree = "<group>";
		};
		DD6529D529B355C30089AD5C /* MainTabController&Splash */ = {
			isa = PBXGroup;
			children = (
				DD76CB4A29B2E19A002C4857 /* LaunchScreen.storyboard */,
				DD6529D629B3563C0089AD5C /* MainTabBar.storyboard */,
				DD87551E29BC92C8009C2B0B /* LoadingLogin.storyboard */,
			);
			path = "MainTabController&Splash";
			sourceTree = "<group>";
		};
		DD6529E429B3607F0089AD5C /* Source */ = {
			isa = PBXGroup;
			children = (
				DD6529D529B355C30089AD5C /* MainTabController&Splash */,
				DD6529CD29B3541E0089AD5C /* LoginSignUp */,
				DD6529CE29B3546B0089AD5C /* Home */,
				DD6529D029B354790089AD5C /* Search */,
				DD6529D129B354FA0089AD5C /* Post */,
				DD6529D229B355100089AD5C /* Reels */,
				DD6529D329B355180089AD5C /* Profile */,
			);
			path = Source;
			sourceTree = "<group>";
		};
		DD76CB3329B2E199002C4857 = {
			isa = PBXGroup;
			children = (
				DD76CB3E29B2E199002C4857 /* RisingTest-Instagram-kkukku */,
				DD76CB3D29B2E199002C4857 /* Products */,
			);
			sourceTree = "<group>";
		};
		DD76CB3D29B2E199002C4857 /* Products */ = {
			isa = PBXGroup;
			children = (
				DD76CB3C29B2E199002C4857 /* RisingTest-Instagram-kkukku.app */,
			);
			name = Products;
			sourceTree = "<group>";
		};
		DD76CB3E29B2E199002C4857 /* RisingTest-Instagram-kkukku */ = {
			isa = PBXGroup;
			children = (
				DD6529B829B34EF70089AD5C /* Configuration */,
				DD6529C529B3506A0089AD5C /* Utilities */,
				DD6529E429B3607F0089AD5C /* Source */,
				DD6529D429B355300089AD5C /* AppSceneDelegate */,
				DD76CB4829B2E19A002C4857 /* Assets.xcassets */,
				DD4F14DE29B9E5090008849A /* GoogleService-Info.plist */,
				DD76CB4D29B2E19A002C4857 /* Info.plist */,
			);
			path = "RisingTest-Instagram-kkukku";
			sourceTree = "<group>";
		};
		DD81409C29BB17BD00E172F0 /* Model */ = {
			isa = PBXGroup;
			children = (
			);
			path = Model;
			sourceTree = "<group>";
		};
		DD81409D29BB17C200E172F0 /* View */ = {
			isa = PBXGroup;
			children = (
				DD1BE3F629BB199500597E62 /* TopSection */,
				DD1BE3F729BB19A200597E62 /* MiddelSection */,
				DD1BE3F829BB19AB00597E62 /* BottonSection */,
				DD6529E229B358C50089AD5C /* ProfileStoryboard.storyboard */,
			);
			path = View;
			sourceTree = "<group>";
		};
		DD81409E29BB17C700E172F0 /* Controller */ = {
			isa = PBXGroup;
			children = (
				DDE73BD529B75AAB00BF6EF2 /* ProfileViewController.swift */,
				DD1BE41629BB60BC00597E62 /* LogoutViewController.swift */,
			);
			path = Controller;
			sourceTree = "<group>";
		};
		DD87551429BC68E6009C2B0B /* Model */ = {
			isa = PBXGroup;
			children = (
			);
			path = "\U0010Model";
			sourceTree = "<group>";
		};
		DDCFEA1629B5FB3F00DA87C0 /* View */ = {
			isa = PBXGroup;
			children = (
				DD6529DA29B356A90089AD5C /* HomeStoryboard.storyboard */,
				DD160F5129B880B900C25F05 /* HomeTableViewCell.swift */,
				DD160F5229B880B900C25F05 /* HomeTableViewCell.xib */,
			);
			path = View;
			sourceTree = "<group>";
		};
		DDCFEA1829B5FC8200DA87C0 /* View */ = {
			isa = PBXGroup;
			children = (
				DD6529B629B34AF70089AD5C /* LoginSignUp.storyboard */,
			);
			path = View;
			sourceTree = "<group>";
		};
		DDCFEA1929B5FCAE00DA87C0 /* Model */ = {
			isa = PBXGroup;
			children = (
				DDE73BD429B73FBC00BF6EF2 /* API */,
				DDCFEA1A29B5FCD300DA87C0 /* TryingSignUpUser.swift */,
				DDE73BC729B719A900BF6EF2 /* CurrentUser.swift */,
				DDE73BD229B73F3000BF6EF2 /* UserResponse.swift */,
			);
			path = Model;
			sourceTree = "<group>";
		};
		DDCFEA1C29B6015300DA87C0 /* Controller */ = {
			isa = PBXGroup;
			children = (
				DD32EB4329B5CC1000652B1E /* HomeViewController.swift */,
			);
			path = Controller;
			sourceTree = "<group>";
		};
		DDE73BD429B73FBC00BF6EF2 /* API */ = {
			isa = PBXGroup;
			children = (
				DDE73BC929B71A3800BF6EF2 /* SignUpAPI.swift */,
				DDE73BC229B717AA00BF6EF2 /* LoginAPI.swift */,
			);
			path = API;
			sourceTree = "<group>";
		};
/* End PBXGroup section */

/* Begin PBXNativeTarget section */
		DD76CB3B29B2E199002C4857 /* RisingTest-Instagram-kkukku */ = {
			isa = PBXNativeTarget;
			buildConfigurationList = DD76CB5029B2E19A002C4857 /* Build configuration list for PBXNativeTarget "RisingTest-Instagram-kkukku" */;
			buildPhases = (
				DD76CB3829B2E199002C4857 /* Sources */,
				DD76CB3929B2E199002C4857 /* Frameworks */,
				DD76CB3A29B2E199002C4857 /* Resources */,
			);
			buildRules = (
			);
			dependencies = (
			);
			name = "RisingTest-Instagram-kkukku";
			packageProductDependencies = (
				DD126C1629B47C5600DD2659 /* IQKeyboardManagerSwift */,
				DDE73BC529B7196F00BF6EF2 /* Alamofire */,
				DD4F14CE29B9E4AD0008849A /* FirebaseAnalytics */,
				DD4F14D029B9E4AD0008849A /* FirebaseAuth */,
				DD4F14D229B9E4AD0008849A /* FirebaseDatabase */,
				DD4F14D429B9E4AD0008849A /* FirebaseDatabaseSwift */,
				DD4F14D629B9E4AD0008849A /* FirebaseDynamicLinks */,
				DD4F14D829B9E4AD0008849A /* FirebaseFirestore */,
				DD4F14DA29B9E4AD0008849A /* FirebaseStorage */,
				DD4F14DC29B9E4AD0008849A /* FirebaseStorageCombine-Community */,
				DD4F14E829B9F9540008849A /* YPImagePicker */,
				DD87552129BCA5A2009C2B0B /* Kingfisher */,
			);
			productName = "RisingTest-Instagram-kkukku";
			productReference = DD76CB3C29B2E199002C4857 /* RisingTest-Instagram-kkukku.app */;
			productType = "com.apple.product-type.application";
		};
/* End PBXNativeTarget section */

/* Begin PBXProject section */
		DD76CB3429B2E199002C4857 /* Project object */ = {
			isa = PBXProject;
			attributes = {
				BuildIndependentTargetsInParallel = 1;
				LastSwiftUpdateCheck = 1420;
				LastUpgradeCheck = 1420;
				TargetAttributes = {
					DD76CB3B29B2E199002C4857 = {
						CreatedOnToolsVersion = 14.2;
					};
				};
			};
			buildConfigurationList = DD76CB3729B2E199002C4857 /* Build configuration list for PBXProject "RisingTest-Instagram-kkukku" */;
			compatibilityVersion = "Xcode 14.0";
			developmentRegion = en;
			hasScannedForEncodings = 0;
			knownRegions = (
				en,
				Base,
			);
			mainGroup = DD76CB3329B2E199002C4857;
			packageReferences = (
				DD126C1529B47C5600DD2659 /* XCRemoteSwiftPackageReference "IQKeyboardManager" */,
				DDE73BC429B7196F00BF6EF2 /* XCRemoteSwiftPackageReference "Alamofire" */,
				DD4F14CD29B9E4AD0008849A /* XCRemoteSwiftPackageReference "firebase-ios-sdk" */,
				DD4F14E729B9F9540008849A /* XCRemoteSwiftPackageReference "YPImagePicker" */,
				DD87552029BCA5A2009C2B0B /* XCRemoteSwiftPackageReference "Kingfisher" */,
			);
			productRefGroup = DD76CB3D29B2E199002C4857 /* Products */;
			projectDirPath = "";
			projectRoot = "";
			targets = (
				DD76CB3B29B2E199002C4857 /* RisingTest-Instagram-kkukku */,
			);
		};
/* End PBXProject section */

/* Begin PBXResourcesBuildPhase section */
		DD76CB3A29B2E199002C4857 /* Resources */ = {
			isa = PBXResourcesBuildPhase;
			buildActionMask = 2147483647;
			files = (
				DD6529B729B34AF70089AD5C /* LoginSignUp.storyboard in Resources */,
				DD6529D729B3563C0089AD5C /* MainTabBar.storyboard in Resources */,
				DD6529DF29B358AB0089AD5C /* PostStoryboard.storyboard in Resources */,
				DD1BE40029BB2CAC00597E62 /* MiddleCollectionViewCell.xib in Resources */,
				DD76CB4C29B2E19A002C4857 /* LaunchScreen.storyboard in Resources */,
				DD76CB4929B2E19A002C4857 /* Assets.xcassets in Resources */,
				DD1BE40829BB39E900597E62 /* MiddleCollectionViewSubCell.xib in Resources */,
				DD87551F29BC92C8009C2B0B /* LoadingLogin.storyboard in Resources */,
				DD3D5CF629BDFC1800149EDC /* SearchTableViewCell.xib in Resources */,
				DD6529E129B358B90089AD5C /* ReelsStoryboard.storyboard in Resources */,
				DD1BE40429BB2E3A00597E62 /* MiddelSectionHeader.xib in Resources */,
				DD6529E329B358C50089AD5C /* ProfileStoryboard.storyboard in Resources */,
				DD6529DB29B356A90089AD5C /* HomeStoryboard.storyboard in Resources */,
				DD1BE40E29BB53DE00597E62 /* BottomSectionHeader.xib in Resources */,
				DD1BE3FC29BB1A1800597E62 /* TopSectionCollectionViewCell.xib in Resources */,
				DD1BE41229BB56C400597E62 /* BottomSectionCollectionViewCell.xib in Resources */,
				DD4F14DF29B9E5090008849A /* GoogleService-Info.plist in Resources */,
				DD160F5429B880B900C25F05 /* HomeTableViewCell.xib in Resources */,
				DD6529DD29B358A00089AD5C /* SearchStoryboard.storyboard in Resources */,
			);
			runOnlyForDeploymentPostprocessing = 0;
		};
/* End PBXResourcesBuildPhase section */

/* Begin PBXSourcesBuildPhase section */
		DD76CB3829B2E199002C4857 /* Sources */ = {
			isa = PBXSourcesBuildPhase;
			buildActionMask = 2147483647;
			files = (
				DDE73BCA29B71A3800BF6EF2 /* SignUpAPI.swift in Sources */,
				DD6529CA29B350E90089AD5C /* UIColor.swift in Sources */,
				DD126C1929B482FE00DD2659 /* SignUpWithPhoneViewController.swift in Sources */,
				DD32EB4229B5C32700652B1E /* ProfileImageViewViewController.swift in Sources */,
				DD6529EC29B380D30089AD5C /* CustomTextField.swift in Sources */,
				DD1BE40A29BB538700597E62 /* BottomSectionHeader.swift in Sources */,
				DDE73BC329B717AA00BF6EF2 /* LoginAPI.swift in Sources */,
				DD160F5329B880B900C25F05 /* HomeTableViewCell.swift in Sources */,
				DDE73BC829B719A900BF6EF2 /* CurrentUser.swift in Sources */,
				DD76CB4029B2E199002C4857 /* AppDelegate.swift in Sources */,
				DD4F14E129B9E6730008849A /* FirebaseUtilities.swift in Sources */,
				DD6529C129B34F7C0089AD5C /* JWTToken.swift in Sources */,
				DD76CB4229B2E199002C4857 /* SceneDelegate.swift in Sources */,
				DD6529E629B3680D0089AD5C /* LoginViewController.swift in Sources */,
				DDE73BD329B73F3000BF6EF2 /* UserResponse.swift in Sources */,
				DD6529EA29B372480089AD5C /* UIButton.swift in Sources */,
				DDE73BD629B75AAB00BF6EF2 /* ProfileViewController.swift in Sources */,
				DD6529C829B350980089AD5C /* IndicatorView.swift in Sources */,
				DD87552829BCD0CE009C2B0B /* Date.swift in Sources */,
				DD126C1D29B4A23100DD2659 /* NameViewController.swift in Sources */,
				DD3D5CF229BDEA0C00149EDC /* SearchResponse.swift in Sources */,
				DD1BE3FB29BB1A1800597E62 /* TopSectionCollectionViewCell.swift in Sources */,
				DD4F14EB29BA0B5B0008849A /* SetPostViewController.swift in Sources */,
				DD32EB4629B5D32800652B1E /* OptionViewController.swift in Sources */,
				DD87551D29BC8E52009C2B0B /* PostResponse.swift in Sources */,
				DD6529E829B36E520089AD5C /* UITextField.swift in Sources */,
				DD32EB4829B5F4EA00652B1E /* WelcomeViewController.swift in Sources */,
				DDCFEA1B29B5FCD300DA87C0 /* TryingSignUpUser.swift in Sources */,
				DD126C1F29B4A55D00DD2659 /* PasswordViewController.swift in Sources */,
				DDE73BCC29B724A400BF6EF2 /* TokenUtilities.swift in Sources */,
				DD1BE3FF29BB2CAC00597E62 /* MiddleCollectionViewCell.swift in Sources */,
				DD3D5CEE29BDD77E00149EDC /* DebounceTextFiled.swift in Sources */,
				DD4F14E629B9F5F90008849A /* PostViewController.swift in Sources */,
				DD6529BE29B34F2E0089AD5C /* Constant.swift in Sources */,
				DD126C2129B4C25E00DD2659 /* BirthdayViewController.swift in Sources */,
				DD32EB4429B5CC1000652B1E /* HomeViewController.swift in Sources */,
				DD3D5CEC29BDD4AD00149EDC /* SearchViewController.swift in Sources */,
				DD1BE40729BB39E900597E62 /* MiddleCollectionViewSubCell.swift in Sources */,
				DD6529CC29B351530089AD5C /* Device.swift in Sources */,
				DD3D5CF029BDE9FB00149EDC /* SearchAPI.swift in Sources */,
				DD1BE41129BB56C400597E62 /* BottomSectionCollectionViewCell.swift in Sources */,
				DD87551929BC692E009C2B0B /* PostAPI.swift in Sources */,
				DD32EB4029B5BB4200652B1E /* AgreementViewController.swift in Sources */,
				DD1BE40229BB2E1000597E62 /* MiddelSectionHeader.swift in Sources */,
				DD126C1B29B48CB700DD2659 /* SignUpWithEmailViewController.swift in Sources */,
				DD3D5CF529BDFC1800149EDC /* SearchTableViewCell.swift in Sources */,
				DD1BE41729BB60BC00597E62 /* LogoutViewController.swift in Sources */,
				DD32EB3E29B5B54C00652B1E /* UserNameViewController.swift in Sources */,
			);
			runOnlyForDeploymentPostprocessing = 0;
		};
/* End PBXSourcesBuildPhase section */

/* Begin PBXVariantGroup section */
		DD76CB4A29B2E19A002C4857 /* LaunchScreen.storyboard */ = {
			isa = PBXVariantGroup;
			children = (
				DD76CB4B29B2E19A002C4857 /* Base */,
			);
			name = LaunchScreen.storyboard;
			sourceTree = "<group>";
		};
/* End PBXVariantGroup section */

/* Begin XCBuildConfiguration section */
		DD76CB4E29B2E19A002C4857 /* Debug */ = {
			isa = XCBuildConfiguration;
			buildSettings = {
				ALWAYS_SEARCH_USER_PATHS = NO;
				CLANG_ANALYZER_NONNULL = YES;
				CLANG_ANALYZER_NUMBER_OBJECT_CONVERSION = YES_AGGRESSIVE;
				CLANG_CXX_LANGUAGE_STANDARD = "gnu++20";
				CLANG_ENABLE_MODULES = YES;
				CLANG_ENABLE_OBJC_ARC = YES;
				CLANG_ENABLE_OBJC_WEAK = YES;
				CLANG_WARN_BLOCK_CAPTURE_AUTORELEASING = YES;
				CLANG_WARN_BOOL_CONVERSION = YES;
				CLANG_WARN_COMMA = YES;
				CLANG_WARN_CONSTANT_CONVERSION = YES;
				CLANG_WARN_DEPRECATED_OBJC_IMPLEMENTATIONS = YES;
				CLANG_WARN_DIRECT_OBJC_ISA_USAGE = YES_ERROR;
				CLANG_WARN_DOCUMENTATION_COMMENTS = YES;
				CLANG_WARN_EMPTY_BODY = YES;
				CLANG_WARN_ENUM_CONVERSION = YES;
				CLANG_WARN_INFINITE_RECURSION = YES;
				CLANG_WARN_INT_CONVERSION = YES;
				CLANG_WARN_NON_LITERAL_NULL_CONVERSION = YES;
				CLANG_WARN_OBJC_IMPLICIT_RETAIN_SELF = YES;
				CLANG_WARN_OBJC_LITERAL_CONVERSION = YES;
				CLANG_WARN_OBJC_ROOT_CLASS = YES_ERROR;
				CLANG_WARN_QUOTED_INCLUDE_IN_FRAMEWORK_HEADER = YES;
				CLANG_WARN_RANGE_LOOP_ANALYSIS = YES;
				CLANG_WARN_STRICT_PROTOTYPES = YES;
				CLANG_WARN_SUSPICIOUS_MOVE = YES;
				CLANG_WARN_UNGUARDED_AVAILABILITY = YES_AGGRESSIVE;
				CLANG_WARN_UNREACHABLE_CODE = YES;
				CLANG_WARN__DUPLICATE_METHOD_MATCH = YES;
				COPY_PHASE_STRIP = NO;
				DEBUG_INFORMATION_FORMAT = dwarf;
				ENABLE_STRICT_OBJC_MSGSEND = YES;
				ENABLE_TESTABILITY = YES;
				GCC_C_LANGUAGE_STANDARD = gnu11;
				GCC_DYNAMIC_NO_PIC = NO;
				GCC_NO_COMMON_BLOCKS = YES;
				GCC_OPTIMIZATION_LEVEL = 0;
				GCC_PREPROCESSOR_DEFINITIONS = (
					"DEBUG=1",
					"$(inherited)",
				);
				GCC_WARN_64_TO_32_BIT_CONVERSION = YES;
				GCC_WARN_ABOUT_RETURN_TYPE = YES_ERROR;
				GCC_WARN_UNDECLARED_SELECTOR = YES;
				GCC_WARN_UNINITIALIZED_AUTOS = YES_AGGRESSIVE;
				GCC_WARN_UNUSED_FUNCTION = YES;
				GCC_WARN_UNUSED_VARIABLE = YES;
				IPHONEOS_DEPLOYMENT_TARGET = 14.0;
				MTL_ENABLE_DEBUG_INFO = INCLUDE_SOURCE;
				MTL_FAST_MATH = YES;
				ONLY_ACTIVE_ARCH = YES;
				SDKROOT = iphoneos;
				SWIFT_ACTIVE_COMPILATION_CONDITIONS = DEBUG;
				SWIFT_OPTIMIZATION_LEVEL = "-Onone";
			};
			name = Debug;
		};
		DD76CB4F29B2E19A002C4857 /* Release */ = {
			isa = XCBuildConfiguration;
			buildSettings = {
				ALWAYS_SEARCH_USER_PATHS = NO;
				CLANG_ANALYZER_NONNULL = YES;
				CLANG_ANALYZER_NUMBER_OBJECT_CONVERSION = YES_AGGRESSIVE;
				CLANG_CXX_LANGUAGE_STANDARD = "gnu++20";
				CLANG_ENABLE_MODULES = YES;
				CLANG_ENABLE_OBJC_ARC = YES;
				CLANG_ENABLE_OBJC_WEAK = YES;
				CLANG_WARN_BLOCK_CAPTURE_AUTORELEASING = YES;
				CLANG_WARN_BOOL_CONVERSION = YES;
				CLANG_WARN_COMMA = YES;
				CLANG_WARN_CONSTANT_CONVERSION = YES;
				CLANG_WARN_DEPRECATED_OBJC_IMPLEMENTATIONS = YES;
				CLANG_WARN_DIRECT_OBJC_ISA_USAGE = YES_ERROR;
				CLANG_WARN_DOCUMENTATION_COMMENTS = YES;
				CLANG_WARN_EMPTY_BODY = YES;
				CLANG_WARN_ENUM_CONVERSION = YES;
				CLANG_WARN_INFINITE_RECURSION = YES;
				CLANG_WARN_INT_CONVERSION = YES;
				CLANG_WARN_NON_LITERAL_NULL_CONVERSION = YES;
				CLANG_WARN_OBJC_IMPLICIT_RETAIN_SELF = YES;
				CLANG_WARN_OBJC_LITERAL_CONVERSION = YES;
				CLANG_WARN_OBJC_ROOT_CLASS = YES_ERROR;
				CLANG_WARN_QUOTED_INCLUDE_IN_FRAMEWORK_HEADER = YES;
				CLANG_WARN_RANGE_LOOP_ANALYSIS = YES;
				CLANG_WARN_STRICT_PROTOTYPES = YES;
				CLANG_WARN_SUSPICIOUS_MOVE = YES;
				CLANG_WARN_UNGUARDED_AVAILABILITY = YES_AGGRESSIVE;
				CLANG_WARN_UNREACHABLE_CODE = YES;
				CLANG_WARN__DUPLICATE_METHOD_MATCH = YES;
				COPY_PHASE_STRIP = NO;
				DEBUG_INFORMATION_FORMAT = "dwarf-with-dsym";
				ENABLE_NS_ASSERTIONS = NO;
				ENABLE_STRICT_OBJC_MSGSEND = YES;
				GCC_C_LANGUAGE_STANDARD = gnu11;
				GCC_NO_COMMON_BLOCKS = YES;
				GCC_WARN_64_TO_32_BIT_CONVERSION = YES;
				GCC_WARN_ABOUT_RETURN_TYPE = YES_ERROR;
				GCC_WARN_UNDECLARED_SELECTOR = YES;
				GCC_WARN_UNINITIALIZED_AUTOS = YES_AGGRESSIVE;
				GCC_WARN_UNUSED_FUNCTION = YES;
				GCC_WARN_UNUSED_VARIABLE = YES;
				IPHONEOS_DEPLOYMENT_TARGET = 14.0;
				MTL_ENABLE_DEBUG_INFO = NO;
				MTL_FAST_MATH = YES;
				SDKROOT = iphoneos;
				SWIFT_COMPILATION_MODE = wholemodule;
				SWIFT_OPTIMIZATION_LEVEL = "-O";
				VALIDATE_PRODUCT = YES;
			};
			name = Release;
		};
		DD76CB5129B2E19A002C4857 /* Debug */ = {
			isa = XCBuildConfiguration;
			buildSettings = {
				ASSETCATALOG_COMPILER_APPICON_NAME = AppIcon;
				ASSETCATALOG_COMPILER_GLOBAL_ACCENT_COLOR_NAME = AccentColor;
				CODE_SIGN_STYLE = Automatic;
				CURRENT_PROJECT_VERSION = 1;
				DEVELOPMENT_TEAM = J83X8YAG93;
				GENERATE_INFOPLIST_FILE = YES;
				INFOPLIST_FILE = "RisingTest-Instagram-kkukku/Info.plist";
				INFOPLIST_KEY_NSCameraUsageDescription = "카메라 허용";
				INFOPLIST_KEY_NSMicrophoneUsageDescription = "마이크 허용";
				INFOPLIST_KEY_NSPhotoLibraryUsageDescription = "앨범 허용";
				INFOPLIST_KEY_UIApplicationSupportsIndirectInputEvents = YES;
				INFOPLIST_KEY_UILaunchStoryboardName = LaunchScreen;
				INFOPLIST_KEY_UIMainStoryboardFile = LoginSignUp;
				INFOPLIST_KEY_UISupportedInterfaceOrientations_iPad = "UIInterfaceOrientationPortrait UIInterfaceOrientationPortraitUpsideDown UIInterfaceOrientationLandscapeLeft UIInterfaceOrientationLandscapeRight";
				INFOPLIST_KEY_UISupportedInterfaceOrientations_iPhone = "UIInterfaceOrientationPortrait UIInterfaceOrientationLandscapeLeft UIInterfaceOrientationLandscapeRight";
				INFOPLIST_KEY_UIUserInterfaceStyle = Dark;
				IPHONEOS_DEPLOYMENT_TARGET = 14.0;
				LD_RUNPATH_SEARCH_PATHS = (
					"$(inherited)",
					"@executable_path/Frameworks",
				);
				MARKETING_VERSION = 1.0;
				PRODUCT_BUNDLE_IDENTIFIER = "IksangYoo.RisingTest-Instagram-kkukku";
				PRODUCT_NAME = "$(TARGET_NAME)";
				SWIFT_EMIT_LOC_STRINGS = YES;
				SWIFT_VERSION = 5.0;
				TARGETED_DEVICE_FAMILY = "1,2";
			};
			name = Debug;
		};
		DD76CB5229B2E19A002C4857 /* Release */ = {
			isa = XCBuildConfiguration;
			buildSettings = {
				ASSETCATALOG_COMPILER_APPICON_NAME = AppIcon;
				ASSETCATALOG_COMPILER_GLOBAL_ACCENT_COLOR_NAME = AccentColor;
				CODE_SIGN_STYLE = Automatic;
				CURRENT_PROJECT_VERSION = 1;
				DEVELOPMENT_TEAM = J83X8YAG93;
				GENERATE_INFOPLIST_FILE = YES;
				INFOPLIST_FILE = "RisingTest-Instagram-kkukku/Info.plist";
				INFOPLIST_KEY_NSCameraUsageDescription = "카메라 허용";
				INFOPLIST_KEY_NSMicrophoneUsageDescription = "마이크 허용";
				INFOPLIST_KEY_NSPhotoLibraryUsageDescription = "앨범 허용";
				INFOPLIST_KEY_UIApplicationSupportsIndirectInputEvents = YES;
				INFOPLIST_KEY_UILaunchStoryboardName = LaunchScreen;
				INFOPLIST_KEY_UIMainStoryboardFile = LoginSignUp;
				INFOPLIST_KEY_UISupportedInterfaceOrientations_iPad = "UIInterfaceOrientationPortrait UIInterfaceOrientationPortraitUpsideDown UIInterfaceOrientationLandscapeLeft UIInterfaceOrientationLandscapeRight";
				INFOPLIST_KEY_UISupportedInterfaceOrientations_iPhone = "UIInterfaceOrientationPortrait UIInterfaceOrientationLandscapeLeft UIInterfaceOrientationLandscapeRight";
				INFOPLIST_KEY_UIUserInterfaceStyle = Dark;
				IPHONEOS_DEPLOYMENT_TARGET = 14.0;
				LD_RUNPATH_SEARCH_PATHS = (
					"$(inherited)",
					"@executable_path/Frameworks",
				);
				MARKETING_VERSION = 1.0;
				PRODUCT_BUNDLE_IDENTIFIER = "IksangYoo.RisingTest-Instagram-kkukku";
				PRODUCT_NAME = "$(TARGET_NAME)";
				SWIFT_EMIT_LOC_STRINGS = YES;
				SWIFT_VERSION = 5.0;
				TARGETED_DEVICE_FAMILY = "1,2";
			};
			name = Release;
		};
/* End XCBuildConfiguration section */

/* Begin XCConfigurationList section */
		DD76CB3729B2E199002C4857 /* Build configuration list for PBXProject "RisingTest-Instagram-kkukku" */ = {
			isa = XCConfigurationList;
			buildConfigurations = (
				DD76CB4E29B2E19A002C4857 /* Debug */,
				DD76CB4F29B2E19A002C4857 /* Release */,
			);
			defaultConfigurationIsVisible = 0;
			defaultConfigurationName = Release;
		};
		DD76CB5029B2E19A002C4857 /* Build configuration list for PBXNativeTarget "RisingTest-Instagram-kkukku" */ = {
			isa = XCConfigurationList;
			buildConfigurations = (
				DD76CB5129B2E19A002C4857 /* Debug */,
				DD76CB5229B2E19A002C4857 /* Release */,
			);
			defaultConfigurationIsVisible = 0;
			defaultConfigurationName = Release;
		};
/* End XCConfigurationList section */

/* Begin XCRemoteSwiftPackageReference section */
		DD126C1529B47C5600DD2659 /* XCRemoteSwiftPackageReference "IQKeyboardManager" */ = {
			isa = XCRemoteSwiftPackageReference;
			repositoryURL = "https://github.com/hackiftekhar/IQKeyboardManager.git";
			requirement = {
				kind = upToNextMajorVersion;
				minimumVersion = 6.5.0;
			};
		};
		DD4F14CD29B9E4AD0008849A /* XCRemoteSwiftPackageReference "firebase-ios-sdk" */ = {
			isa = XCRemoteSwiftPackageReference;
			repositoryURL = "https://github.com/firebase/firebase-ios-sdk";
			requirement = {
				kind = upToNextMajorVersion;
				minimumVersion = 9.0.0;
			};
		};
		DD4F14E729B9F9540008849A /* XCRemoteSwiftPackageReference "YPImagePicker" */ = {
			isa = XCRemoteSwiftPackageReference;
			repositoryURL = "https://github.com/Yummypets/YPImagePicker.git";
			requirement = {
				kind = upToNextMajorVersion;
				minimumVersion = 5.0.0;
			};
		};
		DD87552029BCA5A2009C2B0B /* XCRemoteSwiftPackageReference "Kingfisher" */ = {
			isa = XCRemoteSwiftPackageReference;
			repositoryURL = "https://github.com/onevcat/Kingfisher.git";
			requirement = {
				kind = upToNextMajorVersion;
				minimumVersion = 7.0.0;
			};
		};
		DDE73BC429B7196F00BF6EF2 /* XCRemoteSwiftPackageReference "Alamofire" */ = {
			isa = XCRemoteSwiftPackageReference;
			repositoryURL = "https://github.com/Alamofire/Alamofire";
			requirement = {
				kind = upToNextMajorVersion;
				minimumVersion = 5.6.1;
			};
		};
/* End XCRemoteSwiftPackageReference section */

/* Begin XCSwiftPackageProductDependency section */
		DD126C1629B47C5600DD2659 /* IQKeyboardManagerSwift */ = {
			isa = XCSwiftPackageProductDependency;
			package = DD126C1529B47C5600DD2659 /* XCRemoteSwiftPackageReference "IQKeyboardManager" */;
			productName = IQKeyboardManagerSwift;
		};
		DD4F14CE29B9E4AD0008849A /* FirebaseAnalytics */ = {
			isa = XCSwiftPackageProductDependency;
			package = DD4F14CD29B9E4AD0008849A /* XCRemoteSwiftPackageReference "firebase-ios-sdk" */;
			productName = FirebaseAnalytics;
		};
		DD4F14D029B9E4AD0008849A /* FirebaseAuth */ = {
			isa = XCSwiftPackageProductDependency;
			package = DD4F14CD29B9E4AD0008849A /* XCRemoteSwiftPackageReference "firebase-ios-sdk" */;
			productName = FirebaseAuth;
		};
		DD4F14D229B9E4AD0008849A /* FirebaseDatabase */ = {
			isa = XCSwiftPackageProductDependency;
			package = DD4F14CD29B9E4AD0008849A /* XCRemoteSwiftPackageReference "firebase-ios-sdk" */;
			productName = FirebaseDatabase;
		};
		DD4F14D429B9E4AD0008849A /* FirebaseDatabaseSwift */ = {
			isa = XCSwiftPackageProductDependency;
			package = DD4F14CD29B9E4AD0008849A /* XCRemoteSwiftPackageReference "firebase-ios-sdk" */;
			productName = FirebaseDatabaseSwift;
		};
		DD4F14D629B9E4AD0008849A /* FirebaseDynamicLinks */ = {
			isa = XCSwiftPackageProductDependency;
			package = DD4F14CD29B9E4AD0008849A /* XCRemoteSwiftPackageReference "firebase-ios-sdk" */;
			productName = FirebaseDynamicLinks;
		};
		DD4F14D829B9E4AD0008849A /* FirebaseFirestore */ = {
			isa = XCSwiftPackageProductDependency;
			package = DD4F14CD29B9E4AD0008849A /* XCRemoteSwiftPackageReference "firebase-ios-sdk" */;
			productName = FirebaseFirestore;
		};
		DD4F14DA29B9E4AD0008849A /* FirebaseStorage */ = {
			isa = XCSwiftPackageProductDependency;
			package = DD4F14CD29B9E4AD0008849A /* XCRemoteSwiftPackageReference "firebase-ios-sdk" */;
			productName = FirebaseStorage;
		};
		DD4F14DC29B9E4AD0008849A /* FirebaseStorageCombine-Community */ = {
			isa = XCSwiftPackageProductDependency;
			package = DD4F14CD29B9E4AD0008849A /* XCRemoteSwiftPackageReference "firebase-ios-sdk" */;
			productName = "FirebaseStorageCombine-Community";
		};
		DD4F14E829B9F9540008849A /* YPImagePicker */ = {
			isa = XCSwiftPackageProductDependency;
			package = DD4F14E729B9F9540008849A /* XCRemoteSwiftPackageReference "YPImagePicker" */;
			productName = YPImagePicker;
		};
		DD87552129BCA5A2009C2B0B /* Kingfisher */ = {
			isa = XCSwiftPackageProductDependency;
			package = DD87552029BCA5A2009C2B0B /* XCRemoteSwiftPackageReference "Kingfisher" */;
			productName = Kingfisher;
		};
		DDE73BC529B7196F00BF6EF2 /* Alamofire */ = {
			isa = XCSwiftPackageProductDependency;
			package = DDE73BC429B7196F00BF6EF2 /* XCRemoteSwiftPackageReference "Alamofire" */;
			productName = Alamofire;
		};
/* End XCSwiftPackageProductDependency section */
	};
	rootObject = DD76CB3429B2E199002C4857 /* Project object */;
}
